// !$*UTF8*$!
{
	archiveVersion = 1;
	classes = {
	};
	objectVersion = 46;
	objects = {

/* Begin PBXBuildFile section */
		501066BD1C68A2A50037DD27 /* AppDelegate.swift in Sources */ = {isa = PBXBuildFile; fileRef = 501066BC1C68A2A50037DD27 /* AppDelegate.swift */; };
		501066C01C68A2A50037DD27 /* CoreDataDemo.xcdatamodeld in Sources */ = {isa = PBXBuildFile; fileRef = 501066BE1C68A2A50037DD27 /* CoreDataDemo.xcdatamodeld */; };
		501066C21C68A2A50037DD27 /* MasterViewController.swift in Sources */ = {isa = PBXBuildFile; fileRef = 501066C11C68A2A50037DD27 /* MasterViewController.swift */; };
		501066C41C68A2A50037DD27 /* DetailViewController.swift in Sources */ = {isa = PBXBuildFile; fileRef = 501066C31C68A2A50037DD27 /* DetailViewController.swift */; };
		501066C71C68A2A50037DD27 /* Main.storyboard in Resources */ = {isa = PBXBuildFile; fileRef = 501066C51C68A2A50037DD27 /* Main.storyboard */; };
		501066C91C68A2A50037DD27 /* Assets.xcassets in Resources */ = {isa = PBXBuildFile; fileRef = 501066C81C68A2A50037DD27 /* Assets.xcassets */; };
		501066CC1C68A2A50037DD27 /* LaunchScreen.storyboard in Resources */ = {isa = PBXBuildFile; fileRef = 501066CA1C68A2A50037DD27 /* LaunchScreen.storyboard */; };
/* End PBXBuildFile section */

/* Begin PBXFileReference section */
		501066B91C68A2A50037DD27 /* CoreDataDemo.app */ = {isa = PBXFileReference; explicitFileType = wrapper.application; includeInIndex = 0; path = CoreDataDemo.app; sourceTree = BUILT_PRODUCTS_DIR; };
		501066BC1C68A2A50037DD27 /* AppDelegate.swift */ = {isa = PBXFileReference; lastKnownFileType = sourcecode.swift; path = AppDelegate.swift; sourceTree = "<group>"; };
		501066BF1C68A2A50037DD27 /* CoreDataDemo.xcdatamodel */ = {isa = PBXFileReference; lastKnownFileType = wrapper.xcdatamodel; path = CoreDataDemo.xcdatamodel; sourceTree = "<group>"; };
		501066C11C68A2A50037DD27 /* MasterViewController.swift */ = {isa = PBXFileReference; lastKnownFileType = sourcecode.swift; path = MasterViewController.swift; sourceTree = "<group>"; };
		501066C31C68A2A50037DD27 /* DetailViewController.swift */ = {isa = PBXFileReference; lastKnownFileType = sourcecode.swift; path = DetailViewController.swift; sourceTree = "<group>"; };
		501066C61C68A2A50037DD27 /* Base */ = {isa = PBXFileReference; lastKnownFileType = file.storyboard; name = Base; path = Base.lproj/Main.storyboard; sourceTree = "<group>"; };
		501066C81C68A2A50037DD27 /* Assets.xcassets */ = {isa = PBXFileReference; lastKnownFileType = folder.assetcatalog; path = Assets.xcassets; sourceTree = "<group>"; };
		501066CB1C68A2A50037DD27 /* Base */ = {isa = PBXFileReference; lastKnownFileType = file.storyboard; name = Base; path = Base.lproj/LaunchScreen.storyboard; sourceTree = "<group>"; };
		501066CD1C68A2A50037DD27 /* Info.plist */ = {isa = PBXFileReference; lastKnownFileType = text.plist.xml; path = Info.plist; sourceTree = "<group>"; };
/* End PBXFileReference section */

/* Begin PBXFrameworksBuildPhase section */
		501066B61C68A2A50037DD27 /* Frameworks */ = {
			isa = PBXFrameworksBuildPhase;
			buildActionMask = 2147483647;
			files = (
			);
			runOnlyForDeploymentPostprocessing = 0;
		};
/* End PBXFrameworksBuildPhase section */

/* Begin PBXGroup section */
		501066B01C68A2A50037DD27 = {
			isa = PBXGroup;
			children = (
				501066BB1C68A2A50037DD27 /* CoreDataDemo */,
				501066BA1C68A2A50037DD27 /* Products */,
			);
			sourceTree = "<group>";
		};
		501066BA1C68A2A50037DD27 /* Products */ = {
			isa = PBXGroup;
			children = (
				501066B91C68A2A50037DD27 /* CoreDataDemo.app */,
			);
			name = Products;
			sourceTree = "<group>";
		};
		501066BB1C68A2A50037DD27 /* CoreDataDemo */ = {
			isa = PBXGroup;
			children = (
				501066BC1C68A2A50037DD27 /* AppDelegate.swift */,
				501066C11C68A2A50037DD27 /* MasterViewController.swift */,
				501066C31C68A2A50037DD27 /* DetailViewController.swift */,
				501066C51C68A2A50037DD27 /* Main.storyboard */,
				501066C81C68A2A50037DD27 /* Assets.xcassets */,
				501066CA1C68A2A50037DD27 /* LaunchScreen.storyboard */,
				501066CD1C68A2A50037DD27 /* Info.plist */,
				501066BE1C68A2A50037DD27 /* CoreDataDemo.xcdatamodeld */,
			);
			path = CoreDataDemo;
			sourceTree = "<group>";
		};
/* End PBXGroup section */

/* Begin PBXNativeTarget section */
		501066B81C68A2A50037DD27 /* CoreDataDemo */ = {
			isa = PBXNativeTarget;
			buildConfigurationList = 501066D01C68A2A50037DD27 /* Build configuration list for PBXNativeTarget "CoreDataDemo" */;
			buildPhases = (
				501066B51C68A2A50037DD27 /* Sources */,
				501066B61C68A2A50037DD27 /* Frameworks */,
				501066B71C68A2A50037DD27 /* Resources */,
			);
			buildRules = (
			);
			dependencies = (
			);
			name = CoreDataDemo;
			productName = CoreDataDemo;
			productReference = 501066B91C68A2A50037DD27 /* CoreDataDemo.app */;
			productType = "com.apple.product-type.application";
		};
/* End PBXNativeTarget section */

/* Begin PBXProject section */
		501066B11C68A2A50037DD27 /* Project object */ = {
			isa = PBXProject;
			attributes = {
				LastSwiftUpdateCheck = 0720;
				LastUpgradeCheck = 0720;
				ORGANIZATIONNAME = ligulfzhou;
				TargetAttributes = {
					501066B81C68A2A50037DD27 = {
						CreatedOnToolsVersion = 7.2.1;
						DevelopmentTeam = 8K6DBKZ332;
					};
				};
			};
			buildConfigurationList = 501066B41C68A2A50037DD27 /* Build configuration list for PBXProject "CoreDataDemo" */;
			compatibilityVersion = "Xcode 3.2";
			developmentRegion = English;
			hasScannedForEncodings = 0;
			knownRegions = (
				en,
				Base,
			);
			mainGroup = 501066B01C68A2A50037DD27;
			productRefGroup = 501066BA1C68A2A50037DD27 /* Products */;
			projectDirPath = "";
			projectRoot = "";
			targets = (
				501066B81C68A2A50037DD27 /* CoreDataDemo */,
			);
		};
/* End PBXProject section */

/* Begin PBXResourcesBuildPhase section */
		501066B71C68A2A50037DD27 /* Resources */ = {
			isa = PBXResourcesBuildPhase;
			buildActionMask = 2147483647;
			files = (
				501066CC1C68A2A50037DD27 /* LaunchScreen.storyboard in Resources */,
				501066C91C68A2A50037DD27 /* Assets.xcassets in Resources */,
				501066C71C68A2A50037DD27 /* Main.storyboard in Resources */,
			);
			runOnlyForDeploymentPostprocessing = 0;
		};
/* End PBXResourcesBuildPhase section */

/* Begin PBXSourcesBuildPhase section */
		501066B51C68A2A50037DD27 /* Sources */ = {
			isa = PBXSourcesBuildPhase;
			buildActionMask = 2147483647;
			files = (
				501066BD1C68A2A50037DD27 /* AppDelegate.swift in Sources */,
				501066C01C68A2A50037DD27 /* CoreDataDemo.xcdatamodeld in Sources */,
				501066C21C68A2A50037DD27 /* MasterViewController.swift in Sources */,
				501066C41C68A2A50037DD27 /* DetailViewController.swift in Sources */,
			);
			runOnlyForDeploymentPostprocessing = 0;
		};
/* End PBXSourcesBuildPhase section */

/* Begin PBXVariantGroup section */
		501066C51C68A2A50037DD27 /* Main.storyboard */ = {
			isa = PBXVariantGroup;
			children = (
				501066C61C68A2A50037DD27 /* Base */,
			);
			name = Main.storyboard;
			sourceTree = "<group>";
		};
		501066CA1C68A2A50037DD27 /* LaunchScreen.storyboard */ = {
			isa = PBXVariantGroup;
			children = (
				501066CB1C68A2A50037DD27 /* Base */,
			);
			name = LaunchScreen.storyboard;
			sourceTree = "<group>";
		};
/* End PBXVariantGroup section */

/* Begin XCBuildConfiguration section */
		501066CE1C68A2A50037DD27 /* Debug */ = {
			isa = XCBuildConfiguration;
			buildSettings = {
				ALWAYS_SEARCH_USER_PATHS = NO;
				CLANG_CXX_LANGUAGE_STANDARD = "gnu++0x";
				CLANG_CXX_LIBRARY = "libc++";
				CLANG_ENABLE_MODULES = YES;
				CLANG_ENABLE_OBJC_ARC = YES;
				CLANG_WARN_BOOL_CONVERSION = YES;
				CLANG_WARN_CONSTANT_CONVERSION = YES;
				CLANG_WARN_DIRECT_OBJC_ISA_USAGE = YES_ERROR;
				CLANG_WARN_EMPTY_BODY = YES;
				CLANG_WARN_ENUM_CONVERSION = YES;
				CLANG_WARN_INT_CONVERSION = YES;
				CLANG_WARN_OBJC_ROOT_CLASS = YES_ERROR;
				CLANG_WARN_UNREACHABLE_CODE = YES;
				CLANG_WARN__DUPLICATE_METHOD_MATCH = YES;
				"CODE_SIGN_IDENTITY[sdk=iphoneos*]" = "iPhone Developer";
				COPY_PHASE_STRIP = NO;
				DEBUG_INFORMATION_FORMAT = dwarf;
				ENABLE_STRICT_OBJC_MSGSEND = YES;
				ENABLE_TESTABILITY = YES;
				GCC_C_LANGUAGE_STANDARD = gnu99;
				GCC_DYNAMIC_NO_PIC = NO;
				GCC_NO_COMMON_BLOCKS = YES;
				GCC_OPTIMIZATION_LEVEL = 0;
				GCC_PREPROCESSOR_DEFINITIONS = (
					"DEBUG=1",
					"$(inherited)",
				);
				GCC_WARN_64_TO_32_BIT_CONVERSION = YES;
				GCC_WARN_ABOUT_RETURN_TYPE = YES_ERROR;
				GCC_WARN_UNDECLARED_SELECTOR = YES;
				GCC_WARN_UNINITIALIZED_AUTOS = YES_AGGRESSIVE;
				GCC_WARN_UNUSED_FUNCTION = YES;
				GCC_WARN_UNUSED_VARIABLE = YES;
				IPHONEOS_DEPLOYMENT_TARGET = 9.2;
				MTL_ENABLE_DEBUG_INFO = YES;
				ONLY_ACTIVE_ARCH = YES;
				SDKROOT = iphoneos;
				SWIFT_OPTIMIZATION_LEVEL = "-Onone";
			};
			name = Debug;
		};
		501066CF1C68A2A50037DD27 /* Release */ = {
			isa = XCBuildConfiguration;
			buildSettings = {
				ALWAYS_SEARCH_USER_PATHS = NO;
				CLANG_CXX_LANGUAGE_STANDARD = "gnu++0x";
				CLANG_CXX_LIBRARY = "libc++";
				CLANG_ENABLE_MODULES = YES;
				CLANG_ENABLE_OBJC_ARC = YES;
				CLANG_WARN_BOOL_CONVERSION = YES;
				CLANG_WARN_CONSTANT_CONVERSION = YES;
				CLANG_WARN_DIRECT_OBJC_ISA_USAGE = YES_ERROR;
				CLANG_WARN_EMPTY_BODY = YES;
				CLANG_WARN_ENUM_CONVERSION = YES;
				CLANG_WARN_INT_CONVERSION = YES;
				CLANG_WARN_OBJC_ROOT_CLASS = YES_ERROR;
				CLANG_WARN_UNREACHABLE_CODE = YES;
				CLANG_WARN__DUPLICATE_METHOD_MATCH = YES;
				"CODE_SIGN_IDENTITY[sdk=iphoneos*]" = "iPhone Developer";
				COPY_PHASE_STRIP = NO;
				DEBUG_INFORMATION_FORMAT = "dwarf-with-dsym";
				ENABLE_NS_ASSERTIONS = NO;
				ENABLE_STRICT_OBJC_MSGSEND = YES;
				GCC_C_LANGUAGE_STANDARD = gnu99;
				GCC_NO_COMMON_BLOCKS = YES;
				GCC_WARN_64_TO_32_BIT_CONVERSION = YES;
				GCC_WARN_ABOUT_RETURN_TYPE = YES_ERROR;
				GCC_WARN_UNDECLARED_SELECTOR = YES;
				GCC_WARN_UNINITIALIZED_AUTOS = YES_AGGRESSIVE;
				GCC_WARN_UNUSED_FUNCTION = YES;
				GCC_WARN_UNUSED_VARIABLE = YES;
				IPHONEOS_DEPLOYMENT_TARGET = 9.2;
				MTL_ENABLE_DEBUG_INFO = NO;
				SDKROOT = iphoneos;
				VALIDATE_PRODUCT = YES;
			};
			name = Release;
		};
		501066D11C68A2A50037DD27 /* Debug */ = {
			isa = XCBuildConfiguration;
			buildSettings = {
				ASSETCATALOG_COMPILER_APPICON_NAME = AppIcon;
				INFOPLIST_FILE = CoreDataDemo/Info.plist;
				LD_RUNPATH_SEARCH_PATHS = "$(inherited) @executable_path/Frameworks";
				PRODUCT_BUNDLE_IDENTIFIER = org.ligulfzhou.CoreDataDemo;
				PRODUCT_NAME = "$(TARGET_NAME)";
			};
			name = Debug;
		};
		501066D21C68A2A50037DD27 /* Release */ = {
			isa = XCBuildConfiguration;
			buildSettings = {
				ASSETCATALOG_COMPILER_APPICON_NAME = AppIcon;
				INFOPLIST_FILE = CoreDataDemo/Info.plist;
				LD_RUNPATH_SEARCH_PATHS = "$(inherited) @executable_path/Frameworks";
				PRODUCT_BUNDLE_IDENTIFIER = org.ligulfzhou.CoreDataDemo;
				PRODUCT_NAME = "$(TARGET_NAME)";
			};
			name = Release;
		};
/* End XCBuildConfiguration section */

/* Begin XCConfigurationList section */
		501066B41C68A2A50037DD27 /* Build configuration list for PBXProject "CoreDataDemo" */ = {
			isa = XCConfigurationList;
			buildConfigurations = (
				501066CE1C68A2A50037DD27 /* Debug */,
				501066CF1C68A2A50037DD27 /* Release */,
			);
			defaultConfigurationIsVisible = 0;
			defaultConfigurationName = Release;
		};
		501066D01C68A2A50037DD27 /* Build configuration list for PBXNativeTarget "CoreDataDemo" */ = {
			isa = XCConfigurationList;
			buildConfigurations = (
				501066D11C68A2A50037DD27 /* Debug */,
				501066D21C68A2A50037DD27 /* Release */,
			);
			defaultConfigurationIsVisible = 0;
		};
/* End XCConfigurationList section */

/* Begin XCVersionGroup section */
		501066BE1C68A2A50037DD27 /* CoreDataDemo.xcdatamodeld */ = {
			isa = XCVersionGroup;
			children = (
				501066BF1C68A2A50037DD27 /* CoreDataDemo.xcdatamodel */,
			);
			currentVersion = 501066BF1C68A2A50037DD27 /* CoreDataDemo.xcdatamodel */;
			path = CoreDataDemo.xcdatamodeld;
			sourceTree = "<group>";
			versionGroupType = wrapper.xcdatamodel;
		};
/* End XCVersionGroup section */
	};
	rootObject = 501066B11C68A2A50037DD27 /* Project object */;
}
