// !$*UTF8*$!
{
	archiveVersion = 1;
	classes = {
	};
	objectVersion = 46;
	objects = {

/* Begin PBXBuildFile section */
		507CC8CB1C89109C0079F0E3 /* AppDelegate.swift in Sources */ = {isa = PBXBuildFile; fileRef = 507CC8CA1C89109C0079F0E3 /* AppDelegate.swift */; };
		507CC8CD1C89109C0079F0E3 /* ViewController.swift in Sources */ = {isa = PBXBuildFile; fileRef = 507CC8CC1C89109C0079F0E3 /* ViewController.swift */; };
		507CC8D01C89109C0079F0E3 /* Main.storyboard in Resources */ = {isa = PBXBuildFile; fileRef = 507CC8CE1C89109C0079F0E3 /* Main.storyboard */; };
		507CC8D31C89109C0079F0E3 /* UIpageControll.xcdatamodeld in Sources */ = {isa = PBXBuildFile; fileRef = 507CC8D11C89109C0079F0E3 /* UIpageControll.xcdatamodeld */; };
		507CC8D51C89109C0079F0E3 /* Assets.xcassets in Resources */ = {isa = PBXBuildFile; fileRef = 507CC8D41C89109C0079F0E3 /* Assets.xcassets */; };
		507CC8D81C89109C0079F0E3 /* LaunchScreen.storyboard in Resources */ = {isa = PBXBuildFile; fileRef = 507CC8D61C89109C0079F0E3 /* LaunchScreen.storyboard */; };
/* End PBXBuildFile section */

/* Begin PBXFileReference section */
		507CC8C71C89109C0079F0E3 /* UIpageControll.app */ = {isa = PBXFileReference; explicitFileType = wrapper.application; includeInIndex = 0; path = UIpageControll.app; sourceTree = BUILT_PRODUCTS_DIR; };
		507CC8CA1C89109C0079F0E3 /* AppDelegate.swift */ = {isa = PBXFileReference; lastKnownFileType = sourcecode.swift; path = AppDelegate.swift; sourceTree = "<group>"; };
		507CC8CC1C89109C0079F0E3 /* ViewController.swift */ = {isa = PBXFileReference; lastKnownFileType = sourcecode.swift; path = ViewController.swift; sourceTree = "<group>"; };
		507CC8CF1C89109C0079F0E3 /* Base */ = {isa = PBXFileReference; lastKnownFileType = file.storyboard; name = Base; path = Base.lproj/Main.storyboard; sourceTree = "<group>"; };
		507CC8D21C89109C0079F0E3 /* UIpageControll.xcdatamodel */ = {isa = PBXFileReference; lastKnownFileType = wrapper.xcdatamodel; path = UIpageControll.xcdatamodel; sourceTree = "<group>"; };
		507CC8D41C89109C0079F0E3 /* Assets.xcassets */ = {isa = PBXFileReference; lastKnownFileType = folder.assetcatalog; path = Assets.xcassets; sourceTree = "<group>"; };
		507CC8D71C89109C0079F0E3 /* Base */ = {isa = PBXFileReference; lastKnownFileType = file.storyboard; name = Base; path = Base.lproj/LaunchScreen.storyboard; sourceTree = "<group>"; };
		507CC8D91C89109C0079F0E3 /* Info.plist */ = {isa = PBXFileReference; lastKnownFileType = text.plist.xml; path = Info.plist; sourceTree = "<group>"; };
/* End PBXFileReference section */

/* Begin PBXFrameworksBuildPhase section */
		507CC8C41C89109C0079F0E3 /* Frameworks */ = {
			isa = PBXFrameworksBuildPhase;
			buildActionMask = 2147483647;
			files = (
			);
			runOnlyForDeploymentPostprocessing = 0;
		};
/* End PBXFrameworksBuildPhase section */

/* Begin PBXGroup section */
		507CC8BE1C89109C0079F0E3 = {
			isa = PBXGroup;
			children = (
				507CC8C91C89109C0079F0E3 /* UIpageControll */,
				507CC8C81C89109C0079F0E3 /* Products */,
			);
			sourceTree = "<group>";
		};
		507CC8C81C89109C0079F0E3 /* Products */ = {
			isa = PBXGroup;
			children = (
				507CC8C71C89109C0079F0E3 /* UIpageControll.app */,
			);
			name = Products;
			sourceTree = "<group>";
		};
		507CC8C91C89109C0079F0E3 /* UIpageControll */ = {
			isa = PBXGroup;
			children = (
				507CC8CA1C89109C0079F0E3 /* AppDelegate.swift */,
				507CC8CC1C89109C0079F0E3 /* ViewController.swift */,
				507CC8CE1C89109C0079F0E3 /* Main.storyboard */,
				507CC8D41C89109C0079F0E3 /* Assets.xcassets */,
				507CC8D61C89109C0079F0E3 /* LaunchScreen.storyboard */,
				507CC8D91C89109C0079F0E3 /* Info.plist */,
				507CC8D11C89109C0079F0E3 /* UIpageControll.xcdatamodeld */,
			);
			path = UIpageControll;
			sourceTree = "<group>";
		};
/* End PBXGroup section */

/* Begin PBXNativeTarget section */
		507CC8C61C89109C0079F0E3 /* UIpageControll */ = {
			isa = PBXNativeTarget;
			buildConfigurationList = 507CC8DC1C89109C0079F0E3 /* Build configuration list for PBXNativeTarget "UIpageControll" */;
			buildPhases = (
				507CC8C31C89109C0079F0E3 /* Sources */,
				507CC8C41C89109C0079F0E3 /* Frameworks */,
				507CC8C51C89109C0079F0E3 /* Resources */,
			);
			buildRules = (
			);
			dependencies = (
			);
			name = UIpageControll;
			productName = UIpageControll;
			productReference = 507CC8C71C89109C0079F0E3 /* UIpageControll.app */;
			productType = "com.apple.product-type.application";
		};
/* End PBXNativeTarget section */

/* Begin PBXProject section */
		507CC8BF1C89109C0079F0E3 /* Project object */ = {
			isa = PBXProject;
			attributes = {
				LastSwiftUpdateCheck = 0720;
				LastUpgradeCheck = 0720;
				ORGANIZATIONNAME = ligulfzhou;
				TargetAttributes = {
					507CC8C61C89109C0079F0E3 = {
						CreatedOnToolsVersion = 7.2.1;
						DevelopmentTeam = 8K6DBKZ332;
					};
				};
			};
			buildConfigurationList = 507CC8C21C89109C0079F0E3 /* Build configuration list for PBXProject "UIpageControll" */;
			compatibilityVersion = "Xcode 3.2";
			developmentRegion = English;
			hasScannedForEncodings = 0;
			knownRegions = (
				en,
				Base,
			);
			mainGroup = 507CC8BE1C89109C0079F0E3;
			productRefGroup = 507CC8C81C89109C0079F0E3 /* Products */;
			projectDirPath = "";
			projectRoot = "";
			targets = (
				507CC8C61C89109C0079F0E3 /* UIpageControll */,
			);
		};
/* End PBXProject section */

/* Begin PBXResourcesBuildPhase section */
		507CC8C51C89109C0079F0E3 /* Resources */ = {
			isa = PBXResourcesBuildPhase;
			buildActionMask = 2147483647;
			files = (
				507CC8D81C89109C0079F0E3 /* LaunchScreen.storyboard in Resources */,
				507CC8D51C89109C0079F0E3 /* Assets.xcassets in Resources */,
				507CC8D01C89109C0079F0E3 /* Main.storyboard in Resources */,
			);
			runOnlyForDeploymentPostprocessing = 0;
		};
/* End PBXResourcesBuildPhase section */

/* Begin PBXSourcesBuildPhase section */
		507CC8C31C89109C0079F0E3 /* Sources */ = {
			isa = PBXSourcesBuildPhase;
			buildActionMask = 2147483647;
			files = (
				507CC8CD1C89109C0079F0E3 /* ViewController.swift in Sources */,
				507CC8D31C89109C0079F0E3 /* UIpageControll.xcdatamodeld in Sources */,
				507CC8CB1C89109C0079F0E3 /* AppDelegate.swift in Sources */,
			);
			runOnlyForDeploymentPostprocessing = 0;
		};
/* End PBXSourcesBuildPhase section */

/* Begin PBXVariantGroup section */
		507CC8CE1C89109C0079F0E3 /* Main.storyboard */ = {
			isa = PBXVariantGroup;
			children = (
				507CC8CF1C89109C0079F0E3 /* Base */,
			);
			name = Main.storyboard;
			sourceTree = "<group>";
		};
		507CC8D61C89109C0079F0E3 /* LaunchScreen.storyboard */ = {
			isa = PBXVariantGroup;
			children = (
				507CC8D71C89109C0079F0E3 /* Base */,
			);
			name = LaunchScreen.storyboard;
			sourceTree = "<group>";
		};
/* End PBXVariantGroup section */

/* Begin XCBuildConfiguration section */
		507CC8DA1C89109C0079F0E3 /* Debug */ = {
			isa = XCBuildConfiguration;
			buildSettings = {
				ALWAYS_SEARCH_USER_PATHS = NO;
				CLANG_CXX_LANGUAGE_STANDARD = "gnu++0x";
				CLANG_CXX_LIBRARY = "libc++";
				CLANG_ENABLE_MODULES = YES;
				CLANG_ENABLE_OBJC_ARC = YES;
				CLANG_WARN_BOOL_CONVERSION = YES;
				CLANG_WARN_CONSTANT_CONVERSION = YES;
				CLANG_WARN_DIRECT_OBJC_ISA_USAGE = YES_ERROR;
				CLANG_WARN_EMPTY_BODY = YES;
				CLANG_WARN_ENUM_CONVERSION = YES;
				CLANG_WARN_INT_CONVERSION = YES;
				CLANG_WARN_OBJC_ROOT_CLASS = YES_ERROR;
				CLANG_WARN_UNREACHABLE_CODE = YES;
				CLANG_WARN__DUPLICATE_METHOD_MATCH = YES;
				"CODE_SIGN_IDENTITY[sdk=iphoneos*]" = "iPhone Developer";
				COPY_PHASE_STRIP = NO;
				DEBUG_INFORMATION_FORMAT = dwarf;
				ENABLE_STRICT_OBJC_MSGSEND = YES;
				ENABLE_TESTABILITY = YES;
				GCC_C_LANGUAGE_STANDARD = gnu99;
				GCC_DYNAMIC_NO_PIC = NO;
				GCC_NO_COMMON_BLOCKS = YES;
				GCC_OPTIMIZATION_LEVEL = 0;
				GCC_PREPROCESSOR_DEFINITIONS = (
					"DEBUG=1",
					"$(inherited)",
				);
				GCC_WARN_64_TO_32_BIT_CONVERSION = YES;
				GCC_WARN_ABOUT_RETURN_TYPE = YES_ERROR;
				GCC_WARN_UNDECLARED_SELECTOR = YES;
				GCC_WARN_UNINITIALIZED_AUTOS = YES_AGGRESSIVE;
				GCC_WARN_UNUSED_FUNCTION = YES;
				GCC_WARN_UNUSED_VARIABLE = YES;
				IPHONEOS_DEPLOYMENT_TARGET = 9.2;
				MTL_ENABLE_DEBUG_INFO = YES;
				ONLY_ACTIVE_ARCH = YES;
				SDKROOT = iphoneos;
				SWIFT_OPTIMIZATION_LEVEL = "-Onone";
			};
			name = Debug;
		};
		507CC8DB1C89109C0079F0E3 /* Release */ = {
			isa = XCBuildConfiguration;
			buildSettings = {
				ALWAYS_SEARCH_USER_PATHS = NO;
				CLANG_CXX_LANGUAGE_STANDARD = "gnu++0x";
				CLANG_CXX_LIBRARY = "libc++";
				CLANG_ENABLE_MODULES = YES;
				CLANG_ENABLE_OBJC_ARC = YES;
				CLANG_WARN_BOOL_CONVERSION = YES;
				CLANG_WARN_CONSTANT_CONVERSION = YES;
				CLANG_WARN_DIRECT_OBJC_ISA_USAGE = YES_ERROR;
				CLANG_WARN_EMPTY_BODY = YES;
				CLANG_WARN_ENUM_CONVERSION = YES;
				CLANG_WARN_INT_CONVERSION = YES;
				CLANG_WARN_OBJC_ROOT_CLASS = YES_ERROR;
				CLANG_WARN_UNREACHABLE_CODE = YES;
				CLANG_WARN__DUPLICATE_METHOD_MATCH = YES;
				"CODE_SIGN_IDENTITY[sdk=iphoneos*]" = "iPhone Developer";
				COPY_PHASE_STRIP = NO;
				DEBUG_INFORMATION_FORMAT = "dwarf-with-dsym";
				ENABLE_NS_ASSERTIONS = NO;
				ENABLE_STRICT_OBJC_MSGSEND = YES;
				GCC_C_LANGUAGE_STANDARD = gnu99;
				GCC_NO_COMMON_BLOCKS = YES;
				GCC_WARN_64_TO_32_BIT_CONVERSION = YES;
				GCC_WARN_ABOUT_RETURN_TYPE = YES_ERROR;
				GCC_WARN_UNDECLARED_SELECTOR = YES;
				GCC_WARN_UNINITIALIZED_AUTOS = YES_AGGRESSIVE;
				GCC_WARN_UNUSED_FUNCTION = YES;
				GCC_WARN_UNUSED_VARIABLE = YES;
				IPHONEOS_DEPLOYMENT_TARGET = 9.2;
				MTL_ENABLE_DEBUG_INFO = NO;
				SDKROOT = iphoneos;
				VALIDATE_PRODUCT = YES;
			};
			name = Release;
		};
		507CC8DD1C89109C0079F0E3 /* Debug */ = {
			isa = XCBuildConfiguration;
			buildSettings = {
				ASSETCATALOG_COMPILER_APPICON_NAME = AppIcon;
				INFOPLIST_FILE = UIpageControll/Info.plist;
				LD_RUNPATH_SEARCH_PATHS = "$(inherited) @executable_path/Frameworks";
				PRODUCT_BUNDLE_IDENTIFIER = org.ligulfzhou.UIpageControll;
				PRODUCT_NAME = "$(TARGET_NAME)";
			};
			name = Debug;
		};
		507CC8DE1C89109C0079F0E3 /* Release */ = {
			isa = XCBuildConfiguration;
			buildSettings = {
				ASSETCATALOG_COMPILER_APPICON_NAME = AppIcon;
				INFOPLIST_FILE = UIpageControll/Info.plist;
				LD_RUNPATH_SEARCH_PATHS = "$(inherited) @executable_path/Frameworks";
				PRODUCT_BUNDLE_IDENTIFIER = org.ligulfzhou.UIpageControll;
				PRODUCT_NAME = "$(TARGET_NAME)";
			};
			name = Release;
		};
/* End XCBuildConfiguration section */

/* Begin XCConfigurationList section */
		507CC8C21C89109C0079F0E3 /* Build configuration list for PBXProject "UIpageControll" */ = {
			isa = XCConfigurationList;
			buildConfigurations = (
				507CC8DA1C89109C0079F0E3 /* Debug */,
				507CC8DB1C89109C0079F0E3 /* Release */,
			);
			defaultConfigurationIsVisible = 0;
			defaultConfigurationName = Release;
		};
		507CC8DC1C89109C0079F0E3 /* Build configuration list for PBXNativeTarget "UIpageControll" */ = {
			isa = XCConfigurationList;
			buildConfigurations = (
				507CC8DD1C89109C0079F0E3 /* Debug */,
				507CC8DE1C89109C0079F0E3 /* Release */,
			);
			defaultConfigurationIsVisible = 0;
		};
/* End XCConfigurationList section */

/* Begin XCVersionGroup section */
		507CC8D11C89109C0079F0E3 /* UIpageControll.xcdatamodeld */ = {
			isa = XCVersionGroup;
			children = (
				507CC8D21C89109C0079F0E3 /* UIpageControll.xcdatamodel */,
			);
			currentVersion = 507CC8D21C89109C0079F0E3 /* UIpageControll.xcdatamodel */;
			path = UIpageControll.xcdatamodeld;
			sourceTree = "<group>";
			versionGroupType = wrapper.xcdatamodel;
		};
/* End XCVersionGroup section */
	};
	rootObject = 507CC8BF1C89109C0079F0E3 /* Project object */;
}
