// !$*UTF8*$!
{
	archiveVersion = 1;
	classes = {
	};
	objectVersion = 46;
	objects = {

/* Begin PBXBuildFile section */
		507948C51C7367D2003E2AF1 /* AppDelegate.swift in Sources */ = {isa = PBXBuildFile; fileRef = 507948C41C7367D2003E2AF1 /* AppDelegate.swift */; };
		507948C71C7367D2003E2AF1 /* ViewController.swift in Sources */ = {isa = PBXBuildFile; fileRef = 507948C61C7367D2003E2AF1 /* ViewController.swift */; };
		507948CA1C7367D2003E2AF1 /* Main.storyboard in Resources */ = {isa = PBXBuildFile; fileRef = 507948C81C7367D2003E2AF1 /* Main.storyboard */; };
		507948CC1C7367D2003E2AF1 /* Assets.xcassets in Resources */ = {isa = PBXBuildFile; fileRef = 507948CB1C7367D2003E2AF1 /* Assets.xcassets */; };
		507948CF1C7367D2003E2AF1 /* LaunchScreen.storyboard in Resources */ = {isa = PBXBuildFile; fileRef = 507948CD1C7367D2003E2AF1 /* LaunchScreen.storyboard */; };
/* End PBXBuildFile section */

/* Begin PBXFileReference section */
		507948C11C7367D2003E2AF1 /* UINavigationBarWithCustomButtom.app */ = {isa = PBXFileReference; explicitFileType = wrapper.application; includeInIndex = 0; path = UINavigationBarWithCustomButtom.app; sourceTree = BUILT_PRODUCTS_DIR; };
		507948C41C7367D2003E2AF1 /* AppDelegate.swift */ = {isa = PBXFileReference; lastKnownFileType = sourcecode.swift; path = AppDelegate.swift; sourceTree = "<group>"; };
		507948C61C7367D2003E2AF1 /* ViewController.swift */ = {isa = PBXFileReference; lastKnownFileType = sourcecode.swift; path = ViewController.swift; sourceTree = "<group>"; };
		507948C91C7367D2003E2AF1 /* Base */ = {isa = PBXFileReference; lastKnownFileType = file.storyboard; name = Base; path = Base.lproj/Main.storyboard; sourceTree = "<group>"; };
		507948CB1C7367D2003E2AF1 /* Assets.xcassets */ = {isa = PBXFileReference; lastKnownFileType = folder.assetcatalog; path = Assets.xcassets; sourceTree = "<group>"; };
		507948CE1C7367D2003E2AF1 /* Base */ = {isa = PBXFileReference; lastKnownFileType = file.storyboard; name = Base; path = Base.lproj/LaunchScreen.storyboard; sourceTree = "<group>"; };
		507948D01C7367D2003E2AF1 /* Info.plist */ = {isa = PBXFileReference; lastKnownFileType = text.plist.xml; path = Info.plist; sourceTree = "<group>"; };
/* End PBXFileReference section */

/* Begin PBXFrameworksBuildPhase section */
		507948BE1C7367D2003E2AF1 /* Frameworks */ = {
			isa = PBXFrameworksBuildPhase;
			buildActionMask = 2147483647;
			files = (
			);
			runOnlyForDeploymentPostprocessing = 0;
		};
/* End PBXFrameworksBuildPhase section */

/* Begin PBXGroup section */
		507948B81C7367D2003E2AF1 = {
			isa = PBXGroup;
			children = (
				507948C31C7367D2003E2AF1 /* UINavigationBarWithCustomButtom */,
				507948C21C7367D2003E2AF1 /* Products */,
			);
			sourceTree = "<group>";
		};
		507948C21C7367D2003E2AF1 /* Products */ = {
			isa = PBXGroup;
			children = (
				507948C11C7367D2003E2AF1 /* UINavigationBarWithCustomButtom.app */,
			);
			name = Products;
			sourceTree = "<group>";
		};
		507948C31C7367D2003E2AF1 /* UINavigationBarWithCustomButtom */ = {
			isa = PBXGroup;
			children = (
				507948C41C7367D2003E2AF1 /* AppDelegate.swift */,
				507948C61C7367D2003E2AF1 /* ViewController.swift */,
				507948C81C7367D2003E2AF1 /* Main.storyboard */,
				507948CB1C7367D2003E2AF1 /* Assets.xcassets */,
				507948CD1C7367D2003E2AF1 /* LaunchScreen.storyboard */,
				507948D01C7367D2003E2AF1 /* Info.plist */,
			);
			path = UINavigationBarWithCustomButtom;
			sourceTree = "<group>";
		};
/* End PBXGroup section */

/* Begin PBXNativeTarget section */
		507948C01C7367D2003E2AF1 /* UINavigationBarWithCustomButtom */ = {
			isa = PBXNativeTarget;
			buildConfigurationList = 507948D31C7367D2003E2AF1 /* Build configuration list for PBXNativeTarget "UINavigationBarWithCustomButtom" */;
			buildPhases = (
				507948BD1C7367D2003E2AF1 /* Sources */,
				507948BE1C7367D2003E2AF1 /* Frameworks */,
				507948BF1C7367D2003E2AF1 /* Resources */,
			);
			buildRules = (
			);
			dependencies = (
			);
			name = UINavigationBarWithCustomButtom;
			productName = UINavigationBarWithCustomButtom;
			productReference = 507948C11C7367D2003E2AF1 /* UINavigationBarWithCustomButtom.app */;
			productType = "com.apple.product-type.application";
		};
/* End PBXNativeTarget section */

/* Begin PBXProject section */
		507948B91C7367D2003E2AF1 /* Project object */ = {
			isa = PBXProject;
			attributes = {
				LastSwiftUpdateCheck = 0720;
				LastUpgradeCheck = 0720;
				ORGANIZATIONNAME = ligulfzhou;
				TargetAttributes = {
					507948C01C7367D2003E2AF1 = {
						CreatedOnToolsVersion = 7.2.1;
						DevelopmentTeam = 8K6DBKZ332;
					};
				};
			};
			buildConfigurationList = 507948BC1C7367D2003E2AF1 /* Build configuration list for PBXProject "UINavigationBarWithCustomButtom" */;
			compatibilityVersion = "Xcode 3.2";
			developmentRegion = English;
			hasScannedForEncodings = 0;
			knownRegions = (
				en,
				Base,
			);
			mainGroup = 507948B81C7367D2003E2AF1;
			productRefGroup = 507948C21C7367D2003E2AF1 /* Products */;
			projectDirPath = "";
			projectRoot = "";
			targets = (
				507948C01C7367D2003E2AF1 /* UINavigationBarWithCustomButtom */,
			);
		};
/* End PBXProject section */

/* Begin PBXResourcesBuildPhase section */
		507948BF1C7367D2003E2AF1 /* Resources */ = {
			isa = PBXResourcesBuildPhase;
			buildActionMask = 2147483647;
			files = (
				507948CF1C7367D2003E2AF1 /* LaunchScreen.storyboard in Resources */,
				507948CC1C7367D2003E2AF1 /* Assets.xcassets in Resources */,
				507948CA1C7367D2003E2AF1 /* Main.storyboard in Resources */,
			);
			runOnlyForDeploymentPostprocessing = 0;
		};
/* End PBXResourcesBuildPhase section */

/* Begin PBXSourcesBuildPhase section */
		507948BD1C7367D2003E2AF1 /* Sources */ = {
			isa = PBXSourcesBuildPhase;
			buildActionMask = 2147483647;
			files = (
				507948C71C7367D2003E2AF1 /* ViewController.swift in Sources */,
				507948C51C7367D2003E2AF1 /* AppDelegate.swift in Sources */,
			);
			runOnlyForDeploymentPostprocessing = 0;
		};
/* End PBXSourcesBuildPhase section */

/* Begin PBXVariantGroup section */
		507948C81C7367D2003E2AF1 /* Main.storyboard */ = {
			isa = PBXVariantGroup;
			children = (
				507948C91C7367D2003E2AF1 /* Base */,
			);
			name = Main.storyboard;
			sourceTree = "<group>";
		};
		507948CD1C7367D2003E2AF1 /* LaunchScreen.storyboard */ = {
			isa = PBXVariantGroup;
			children = (
				507948CE1C7367D2003E2AF1 /* Base */,
			);
			name = LaunchScreen.storyboard;
			sourceTree = "<group>";
		};
/* End PBXVariantGroup section */

/* Begin XCBuildConfiguration section */
		507948D11C7367D2003E2AF1 /* Debug */ = {
			isa = XCBuildConfiguration;
			buildSettings = {
				ALWAYS_SEARCH_USER_PATHS = NO;
				CLANG_CXX_LANGUAGE_STANDARD = "gnu++0x";
				CLANG_CXX_LIBRARY = "libc++";
				CLANG_ENABLE_MODULES = YES;
				CLANG_ENABLE_OBJC_ARC = YES;
				CLANG_WARN_BOOL_CONVERSION = YES;
				CLANG_WARN_CONSTANT_CONVERSION = YES;
				CLANG_WARN_DIRECT_OBJC_ISA_USAGE = YES_ERROR;
				CLANG_WARN_EMPTY_BODY = YES;
				CLANG_WARN_ENUM_CONVERSION = YES;
				CLANG_WARN_INT_CONVERSION = YES;
				CLANG_WARN_OBJC_ROOT_CLASS = YES_ERROR;
				CLANG_WARN_UNREACHABLE_CODE = YES;
				CLANG_WARN__DUPLICATE_METHOD_MATCH = YES;
				"CODE_SIGN_IDENTITY[sdk=iphoneos*]" = "iPhone Developer";
				COPY_PHASE_STRIP = NO;
				DEBUG_INFORMATION_FORMAT = dwarf;
				ENABLE_STRICT_OBJC_MSGSEND = YES;
				ENABLE_TESTABILITY = YES;
				GCC_C_LANGUAGE_STANDARD = gnu99;
				GCC_DYNAMIC_NO_PIC = NO;
				GCC_NO_COMMON_BLOCKS = YES;
				GCC_OPTIMIZATION_LEVEL = 0;
				GCC_PREPROCESSOR_DEFINITIONS = (
					"DEBUG=1",
					"$(inherited)",
				);
				GCC_WARN_64_TO_32_BIT_CONVERSION = YES;
				GCC_WARN_ABOUT_RETURN_TYPE = YES_ERROR;
				GCC_WARN_UNDECLARED_SELECTOR = YES;
				GCC_WARN_UNINITIALIZED_AUTOS = YES_AGGRESSIVE;
				GCC_WARN_UNUSED_FUNCTION = YES;
				GCC_WARN_UNUSED_VARIABLE = YES;
				IPHONEOS_DEPLOYMENT_TARGET = 9.2;
				MTL_ENABLE_DEBUG_INFO = YES;
				ONLY_ACTIVE_ARCH = YES;
				SDKROOT = iphoneos;
				SWIFT_OPTIMIZATION_LEVEL = "-Onone";
			};
			name = Debug;
		};
		507948D21C7367D2003E2AF1 /* Release */ = {
			isa = XCBuildConfiguration;
			buildSettings = {
				ALWAYS_SEARCH_USER_PATHS = NO;
				CLANG_CXX_LANGUAGE_STANDARD = "gnu++0x";
				CLANG_CXX_LIBRARY = "libc++";
				CLANG_ENABLE_MODULES = YES;
				CLANG_ENABLE_OBJC_ARC = YES;
				CLANG_WARN_BOOL_CONVERSION = YES;
				CLANG_WARN_CONSTANT_CONVERSION = YES;
				CLANG_WARN_DIRECT_OBJC_ISA_USAGE = YES_ERROR;
				CLANG_WARN_EMPTY_BODY = YES;
				CLANG_WARN_ENUM_CONVERSION = YES;
				CLANG_WARN_INT_CONVERSION = YES;
				CLANG_WARN_OBJC_ROOT_CLASS = YES_ERROR;
				CLANG_WARN_UNREACHABLE_CODE = YES;
				CLANG_WARN__DUPLICATE_METHOD_MATCH = YES;
				"CODE_SIGN_IDENTITY[sdk=iphoneos*]" = "iPhone Developer";
				COPY_PHASE_STRIP = NO;
				DEBUG_INFORMATION_FORMAT = "dwarf-with-dsym";
				ENABLE_NS_ASSERTIONS = NO;
				ENABLE_STRICT_OBJC_MSGSEND = YES;
				GCC_C_LANGUAGE_STANDARD = gnu99;
				GCC_NO_COMMON_BLOCKS = YES;
				GCC_WARN_64_TO_32_BIT_CONVERSION = YES;
				GCC_WARN_ABOUT_RETURN_TYPE = YES_ERROR;
				GCC_WARN_UNDECLARED_SELECTOR = YES;
				GCC_WARN_UNINITIALIZED_AUTOS = YES_AGGRESSIVE;
				GCC_WARN_UNUSED_FUNCTION = YES;
				GCC_WARN_UNUSED_VARIABLE = YES;
				IPHONEOS_DEPLOYMENT_TARGET = 9.2;
				MTL_ENABLE_DEBUG_INFO = NO;
				SDKROOT = iphoneos;
				VALIDATE_PRODUCT = YES;
			};
			name = Release;
		};
		507948D41C7367D2003E2AF1 /* Debug */ = {
			isa = XCBuildConfiguration;
			buildSettings = {
				ASSETCATALOG_COMPILER_APPICON_NAME = AppIcon;
				INFOPLIST_FILE = UINavigationBarWithCustomButtom/Info.plist;
				LD_RUNPATH_SEARCH_PATHS = "$(inherited) @executable_path/Frameworks";
				PRODUCT_BUNDLE_IDENTIFIER = org.ligulfzhou.UINavigationBarWithCustomButtom;
				PRODUCT_NAME = "$(TARGET_NAME)";
			};
			name = Debug;
		};
		507948D51C7367D2003E2AF1 /* Release */ = {
			isa = XCBuildConfiguration;
			buildSettings = {
				ASSETCATALOG_COMPILER_APPICON_NAME = AppIcon;
				INFOPLIST_FILE = UINavigationBarWithCustomButtom/Info.plist;
				LD_RUNPATH_SEARCH_PATHS = "$(inherited) @executable_path/Frameworks";
				PRODUCT_BUNDLE_IDENTIFIER = org.ligulfzhou.UINavigationBarWithCustomButtom;
				PRODUCT_NAME = "$(TARGET_NAME)";
			};
			name = Release;
		};
/* End XCBuildConfiguration section */

/* Begin XCConfigurationList section */
		507948BC1C7367D2003E2AF1 /* Build configuration list for PBXProject "UINavigationBarWithCustomButtom" */ = {
			isa = XCConfigurationList;
			buildConfigurations = (
				507948D11C7367D2003E2AF1 /* Debug */,
				507948D21C7367D2003E2AF1 /* Release */,
			);
			defaultConfigurationIsVisible = 0;
			defaultConfigurationName = Release;
		};
		507948D31C7367D2003E2AF1 /* Build configuration list for PBXNativeTarget "UINavigationBarWithCustomButtom" */ = {
			isa = XCConfigurationList;
			buildConfigurations = (
				507948D41C7367D2003E2AF1 /* Debug */,
				507948D51C7367D2003E2AF1 /* Release */,
			);
			defaultConfigurationIsVisible = 0;
		};
/* End XCConfigurationList section */
	};
	rootObject = 507948B91C7367D2003E2AF1 /* Project object */;
}
