// !$*UTF8*$!
{
	archiveVersion = 1;
	classes = {
	};
	objectVersion = 46;
	objects = {

/* Begin PBXBuildFile section */
		50195F0B1C7B5600004A3442 /* AppDelegate.swift in Sources */ = {isa = PBXBuildFile; fileRef = 50195F0A1C7B5600004A3442 /* AppDelegate.swift */; };
		50195F0D1C7B5600004A3442 /* ViewController.swift in Sources */ = {isa = PBXBuildFile; fileRef = 50195F0C1C7B5600004A3442 /* ViewController.swift */; };
		50195F101C7B5600004A3442 /* Main.storyboard in Resources */ = {isa = PBXBuildFile; fileRef = 50195F0E1C7B5600004A3442 /* Main.storyboard */; };
		50195F121C7B5600004A3442 /* Assets.xcassets in Resources */ = {isa = PBXBuildFile; fileRef = 50195F111C7B5600004A3442 /* Assets.xcassets */; };
		50195F151C7B5600004A3442 /* LaunchScreen.storyboard in Resources */ = {isa = PBXBuildFile; fileRef = 50195F131C7B5600004A3442 /* LaunchScreen.storyboard */; };
/* End PBXBuildFile section */

/* Begin PBXFileReference section */
		50195F071C7B5600004A3442 /* LocalNotification.app */ = {isa = PBXFileReference; explicitFileType = wrapper.application; includeInIndex = 0; path = LocalNotification.app; sourceTree = BUILT_PRODUCTS_DIR; };
		50195F0A1C7B5600004A3442 /* AppDelegate.swift */ = {isa = PBXFileReference; lastKnownFileType = sourcecode.swift; path = AppDelegate.swift; sourceTree = "<group>"; };
		50195F0C1C7B5600004A3442 /* ViewController.swift */ = {isa = PBXFileReference; lastKnownFileType = sourcecode.swift; path = ViewController.swift; sourceTree = "<group>"; };
		50195F0F1C7B5600004A3442 /* Base */ = {isa = PBXFileReference; lastKnownFileType = file.storyboard; name = Base; path = Base.lproj/Main.storyboard; sourceTree = "<group>"; };
		50195F111C7B5600004A3442 /* Assets.xcassets */ = {isa = PBXFileReference; lastKnownFileType = folder.assetcatalog; path = Assets.xcassets; sourceTree = "<group>"; };
		50195F141C7B5600004A3442 /* Base */ = {isa = PBXFileReference; lastKnownFileType = file.storyboard; name = Base; path = Base.lproj/LaunchScreen.storyboard; sourceTree = "<group>"; };
		50195F161C7B5600004A3442 /* Info.plist */ = {isa = PBXFileReference; lastKnownFileType = text.plist.xml; path = Info.plist; sourceTree = "<group>"; };
/* End PBXFileReference section */

/* Begin PBXFrameworksBuildPhase section */
		50195F041C7B5600004A3442 /* Frameworks */ = {
			isa = PBXFrameworksBuildPhase;
			buildActionMask = 2147483647;
			files = (
			);
			runOnlyForDeploymentPostprocessing = 0;
		};
/* End PBXFrameworksBuildPhase section */

/* Begin PBXGroup section */
		50195EFE1C7B5600004A3442 = {
			isa = PBXGroup;
			children = (
				50195F091C7B5600004A3442 /* LocalNotification */,
				50195F081C7B5600004A3442 /* Products */,
			);
			sourceTree = "<group>";
		};
		50195F081C7B5600004A3442 /* Products */ = {
			isa = PBXGroup;
			children = (
				50195F071C7B5600004A3442 /* LocalNotification.app */,
			);
			name = Products;
			sourceTree = "<group>";
		};
		50195F091C7B5600004A3442 /* LocalNotification */ = {
			isa = PBXGroup;
			children = (
				50195F0A1C7B5600004A3442 /* AppDelegate.swift */,
				50195F0C1C7B5600004A3442 /* ViewController.swift */,
				50195F0E1C7B5600004A3442 /* Main.storyboard */,
				50195F111C7B5600004A3442 /* Assets.xcassets */,
				50195F131C7B5600004A3442 /* LaunchScreen.storyboard */,
				50195F161C7B5600004A3442 /* Info.plist */,
			);
			path = LocalNotification;
			sourceTree = "<group>";
		};
/* End PBXGroup section */

/* Begin PBXNativeTarget section */
		50195F061C7B5600004A3442 /* LocalNotification */ = {
			isa = PBXNativeTarget;
			buildConfigurationList = 50195F191C7B5600004A3442 /* Build configuration list for PBXNativeTarget "LocalNotification" */;
			buildPhases = (
				50195F031C7B5600004A3442 /* Sources */,
				50195F041C7B5600004A3442 /* Frameworks */,
				50195F051C7B5600004A3442 /* Resources */,
			);
			buildRules = (
			);
			dependencies = (
			);
			name = LocalNotification;
			productName = LocalNotification;
			productReference = 50195F071C7B5600004A3442 /* LocalNotification.app */;
			productType = "com.apple.product-type.application";
		};
/* End PBXNativeTarget section */

/* Begin PBXProject section */
		50195EFF1C7B5600004A3442 /* Project object */ = {
			isa = PBXProject;
			attributes = {
				LastSwiftUpdateCheck = 0720;
				LastUpgradeCheck = 0720;
				ORGANIZATIONNAME = ligulfzhou;
				TargetAttributes = {
					50195F061C7B5600004A3442 = {
						CreatedOnToolsVersion = 7.2.1;
						DevelopmentTeam = 8K6DBKZ332;
					};
				};
			};
			buildConfigurationList = 50195F021C7B5600004A3442 /* Build configuration list for PBXProject "LocalNotification" */;
			compatibilityVersion = "Xcode 3.2";
			developmentRegion = English;
			hasScannedForEncodings = 0;
			knownRegions = (
				en,
				Base,
			);
			mainGroup = 50195EFE1C7B5600004A3442;
			productRefGroup = 50195F081C7B5600004A3442 /* Products */;
			projectDirPath = "";
			projectRoot = "";
			targets = (
				50195F061C7B5600004A3442 /* LocalNotification */,
			);
		};
/* End PBXProject section */

/* Begin PBXResourcesBuildPhase section */
		50195F051C7B5600004A3442 /* Resources */ = {
			isa = PBXResourcesBuildPhase;
			buildActionMask = 2147483647;
			files = (
				50195F151C7B5600004A3442 /* LaunchScreen.storyboard in Resources */,
				50195F121C7B5600004A3442 /* Assets.xcassets in Resources */,
				50195F101C7B5600004A3442 /* Main.storyboard in Resources */,
			);
			runOnlyForDeploymentPostprocessing = 0;
		};
/* End PBXResourcesBuildPhase section */

/* Begin PBXSourcesBuildPhase section */
		50195F031C7B5600004A3442 /* Sources */ = {
			isa = PBXSourcesBuildPhase;
			buildActionMask = 2147483647;
			files = (
				50195F0D1C7B5600004A3442 /* ViewController.swift in Sources */,
				50195F0B1C7B5600004A3442 /* AppDelegate.swift in Sources */,
			);
			runOnlyForDeploymentPostprocessing = 0;
		};
/* End PBXSourcesBuildPhase section */

/* Begin PBXVariantGroup section */
		50195F0E1C7B5600004A3442 /* Main.storyboard */ = {
			isa = PBXVariantGroup;
			children = (
				50195F0F1C7B5600004A3442 /* Base */,
			);
			name = Main.storyboard;
			sourceTree = "<group>";
		};
		50195F131C7B5600004A3442 /* LaunchScreen.storyboard */ = {
			isa = PBXVariantGroup;
			children = (
				50195F141C7B5600004A3442 /* Base */,
			);
			name = LaunchScreen.storyboard;
			sourceTree = "<group>";
		};
/* End PBXVariantGroup section */

/* Begin XCBuildConfiguration section */
		50195F171C7B5600004A3442 /* Debug */ = {
			isa = XCBuildConfiguration;
			buildSettings = {
				ALWAYS_SEARCH_USER_PATHS = NO;
				CLANG_CXX_LANGUAGE_STANDARD = "gnu++0x";
				CLANG_CXX_LIBRARY = "libc++";
				CLANG_ENABLE_MODULES = YES;
				CLANG_ENABLE_OBJC_ARC = YES;
				CLANG_WARN_BOOL_CONVERSION = YES;
				CLANG_WARN_CONSTANT_CONVERSION = YES;
				CLANG_WARN_DIRECT_OBJC_ISA_USAGE = YES_ERROR;
				CLANG_WARN_EMPTY_BODY = YES;
				CLANG_WARN_ENUM_CONVERSION = YES;
				CLANG_WARN_INT_CONVERSION = YES;
				CLANG_WARN_OBJC_ROOT_CLASS = YES_ERROR;
				CLANG_WARN_UNREACHABLE_CODE = YES;
				CLANG_WARN__DUPLICATE_METHOD_MATCH = YES;
				"CODE_SIGN_IDENTITY[sdk=iphoneos*]" = "iPhone Developer";
				COPY_PHASE_STRIP = NO;
				DEBUG_INFORMATION_FORMAT = dwarf;
				ENABLE_STRICT_OBJC_MSGSEND = YES;
				ENABLE_TESTABILITY = YES;
				GCC_C_LANGUAGE_STANDARD = gnu99;
				GCC_DYNAMIC_NO_PIC = NO;
				GCC_NO_COMMON_BLOCKS = YES;
				GCC_OPTIMIZATION_LEVEL = 0;
				GCC_PREPROCESSOR_DEFINITIONS = (
					"DEBUG=1",
					"$(inherited)",
				);
				GCC_WARN_64_TO_32_BIT_CONVERSION = YES;
				GCC_WARN_ABOUT_RETURN_TYPE = YES_ERROR;
				GCC_WARN_UNDECLARED_SELECTOR = YES;
				GCC_WARN_UNINITIALIZED_AUTOS = YES_AGGRESSIVE;
				GCC_WARN_UNUSED_FUNCTION = YES;
				GCC_WARN_UNUSED_VARIABLE = YES;
				IPHONEOS_DEPLOYMENT_TARGET = 9.2;
				MTL_ENABLE_DEBUG_INFO = YES;
				ONLY_ACTIVE_ARCH = YES;
				SDKROOT = iphoneos;
				SWIFT_OPTIMIZATION_LEVEL = "-Onone";
			};
			name = Debug;
		};
		50195F181C7B5600004A3442 /* Release */ = {
			isa = XCBuildConfiguration;
			buildSettings = {
				ALWAYS_SEARCH_USER_PATHS = NO;
				CLANG_CXX_LANGUAGE_STANDARD = "gnu++0x";
				CLANG_CXX_LIBRARY = "libc++";
				CLANG_ENABLE_MODULES = YES;
				CLANG_ENABLE_OBJC_ARC = YES;
				CLANG_WARN_BOOL_CONVERSION = YES;
				CLANG_WARN_CONSTANT_CONVERSION = YES;
				CLANG_WARN_DIRECT_OBJC_ISA_USAGE = YES_ERROR;
				CLANG_WARN_EMPTY_BODY = YES;
				CLANG_WARN_ENUM_CONVERSION = YES;
				CLANG_WARN_INT_CONVERSION = YES;
				CLANG_WARN_OBJC_ROOT_CLASS = YES_ERROR;
				CLANG_WARN_UNREACHABLE_CODE = YES;
				CLANG_WARN__DUPLICATE_METHOD_MATCH = YES;
				"CODE_SIGN_IDENTITY[sdk=iphoneos*]" = "iPhone Developer";
				COPY_PHASE_STRIP = NO;
				DEBUG_INFORMATION_FORMAT = "dwarf-with-dsym";
				ENABLE_NS_ASSERTIONS = NO;
				ENABLE_STRICT_OBJC_MSGSEND = YES;
				GCC_C_LANGUAGE_STANDARD = gnu99;
				GCC_NO_COMMON_BLOCKS = YES;
				GCC_WARN_64_TO_32_BIT_CONVERSION = YES;
				GCC_WARN_ABOUT_RETURN_TYPE = YES_ERROR;
				GCC_WARN_UNDECLARED_SELECTOR = YES;
				GCC_WARN_UNINITIALIZED_AUTOS = YES_AGGRESSIVE;
				GCC_WARN_UNUSED_FUNCTION = YES;
				GCC_WARN_UNUSED_VARIABLE = YES;
				IPHONEOS_DEPLOYMENT_TARGET = 9.2;
				MTL_ENABLE_DEBUG_INFO = NO;
				SDKROOT = iphoneos;
				VALIDATE_PRODUCT = YES;
			};
			name = Release;
		};
		50195F1A1C7B5600004A3442 /* Debug */ = {
			isa = XCBuildConfiguration;
			buildSettings = {
				ASSETCATALOG_COMPILER_APPICON_NAME = AppIcon;
				INFOPLIST_FILE = LocalNotification/Info.plist;
				LD_RUNPATH_SEARCH_PATHS = "$(inherited) @executable_path/Frameworks";
				PRODUCT_BUNDLE_IDENTIFIER = org.ligulfzhou.LocalNotification;
				PRODUCT_NAME = "$(TARGET_NAME)";
			};
			name = Debug;
		};
		50195F1B1C7B5600004A3442 /* Release */ = {
			isa = XCBuildConfiguration;
			buildSettings = {
				ASSETCATALOG_COMPILER_APPICON_NAME = AppIcon;
				INFOPLIST_FILE = LocalNotification/Info.plist;
				LD_RUNPATH_SEARCH_PATHS = "$(inherited) @executable_path/Frameworks";
				PRODUCT_BUNDLE_IDENTIFIER = org.ligulfzhou.LocalNotification;
				PRODUCT_NAME = "$(TARGET_NAME)";
			};
			name = Release;
		};
/* End XCBuildConfiguration section */

/* Begin XCConfigurationList section */
		50195F021C7B5600004A3442 /* Build configuration list for PBXProject "LocalNotification" */ = {
			isa = XCConfigurationList;
			buildConfigurations = (
				50195F171C7B5600004A3442 /* Debug */,
				50195F181C7B5600004A3442 /* Release */,
			);
			defaultConfigurationIsVisible = 0;
			defaultConfigurationName = Release;
		};
		50195F191C7B5600004A3442 /* Build configuration list for PBXNativeTarget "LocalNotification" */ = {
			isa = XCConfigurationList;
			buildConfigurations = (
				50195F1A1C7B5600004A3442 /* Debug */,
				50195F1B1C7B5600004A3442 /* Release */,
			);
			defaultConfigurationIsVisible = 0;
		};
/* End XCConfigurationList section */
	};
	rootObject = 50195EFF1C7B5600004A3442 /* Project object */;
}
