// !$*UTF8*$!
{
	archiveVersion = 1;
	classes = {
	};
	objectVersion = 46;
	objects = {

/* Begin PBXBuildFile section */
		27F1BA731D838A1F0015E481 /* AppDelegate.swift in Sources */ = {isa = PBXBuildFile; fileRef = 27F1BA721D838A1F0015E481 /* AppDelegate.swift */; };
		27F1BA751D838A1F0015E481 /* ViewController.swift in Sources */ = {isa = PBXBuildFile; fileRef = 27F1BA741D838A1F0015E481 /* ViewController.swift */; };
		27F1BA781D838A1F0015E481 /* Main.storyboard in Resources */ = {isa = PBXBuildFile; fileRef = 27F1BA761D838A1F0015E481 /* Main.storyboard */; };
		27F1BA7A1D838A1F0015E481 /* Assets.xcassets in Resources */ = {isa = PBXBuildFile; fileRef = 27F1BA791D838A1F0015E481 /* Assets.xcassets */; };
		27F1BA7D1D838A1F0015E481 /* LaunchScreen.storyboard in Resources */ = {isa = PBXBuildFile; fileRef = 27F1BA7B1D838A1F0015E481 /* LaunchScreen.storyboard */; };
		27F1BA881D838A1F0015E481 /* Ios_animationTests.swift in Sources */ = {isa = PBXBuildFile; fileRef = 27F1BA871D838A1F0015E481 /* Ios_animationTests.swift */; };
		27F1BA931D838A1F0015E481 /* Ios_animationUITests.swift in Sources */ = {isa = PBXBuildFile; fileRef = 27F1BA921D838A1F0015E481 /* Ios_animationUITests.swift */; };
/* End PBXBuildFile section */

/* Begin PBXContainerItemProxy section */
		27F1BA841D838A1F0015E481 /* PBXContainerItemProxy */ = {
			isa = PBXContainerItemProxy;
			containerPortal = 27F1BA671D838A1F0015E481 /* Project object */;
			proxyType = 1;
			remoteGlobalIDString = 27F1BA6E1D838A1F0015E481;
			remoteInfo = Ios_animation;
		};
		27F1BA8F1D838A1F0015E481 /* PBXContainerItemProxy */ = {
			isa = PBXContainerItemProxy;
			containerPortal = 27F1BA671D838A1F0015E481 /* Project object */;
			proxyType = 1;
			remoteGlobalIDString = 27F1BA6E1D838A1F0015E481;
			remoteInfo = Ios_animation;
		};
/* End PBXContainerItemProxy section */

/* Begin PBXFileReference section */
		27F1BA6F1D838A1F0015E481 /* Ios_animation.app */ = {isa = PBXFileReference; explicitFileType = wrapper.application; includeInIndex = 0; path = Ios_animation.app; sourceTree = BUILT_PRODUCTS_DIR; };
		27F1BA721D838A1F0015E481 /* AppDelegate.swift */ = {isa = PBXFileReference; lastKnownFileType = sourcecode.swift; path = AppDelegate.swift; sourceTree = "<group>"; };
		27F1BA741D838A1F0015E481 /* ViewController.swift */ = {isa = PBXFileReference; lastKnownFileType = sourcecode.swift; path = ViewController.swift; sourceTree = "<group>"; };
		27F1BA771D838A1F0015E481 /* Base */ = {isa = PBXFileReference; lastKnownFileType = file.storyboard; name = Base; path = Base.lproj/Main.storyboard; sourceTree = "<group>"; };
		27F1BA791D838A1F0015E481 /* Assets.xcassets */ = {isa = PBXFileReference; lastKnownFileType = folder.assetcatalog; path = Assets.xcassets; sourceTree = "<group>"; };
		27F1BA7C1D838A1F0015E481 /* Base */ = {isa = PBXFileReference; lastKnownFileType = file.storyboard; name = Base; path = Base.lproj/LaunchScreen.storyboard; sourceTree = "<group>"; };
		27F1BA7E1D838A1F0015E481 /* Info.plist */ = {isa = PBXFileReference; lastKnownFileType = text.plist.xml; path = Info.plist; sourceTree = "<group>"; };
		27F1BA831D838A1F0015E481 /* Ios_animationTests.xctest */ = {isa = PBXFileReference; explicitFileType = wrapper.cfbundle; includeInIndex = 0; path = Ios_animationTests.xctest; sourceTree = BUILT_PRODUCTS_DIR; };
		27F1BA871D838A1F0015E481 /* Ios_animationTests.swift */ = {isa = PBXFileReference; lastKnownFileType = sourcecode.swift; path = Ios_animationTests.swift; sourceTree = "<group>"; };
		27F1BA891D838A1F0015E481 /* Info.plist */ = {isa = PBXFileReference; lastKnownFileType = text.plist.xml; path = Info.plist; sourceTree = "<group>"; };
		27F1BA8E1D838A1F0015E481 /* Ios_animationUITests.xctest */ = {isa = PBXFileReference; explicitFileType = wrapper.cfbundle; includeInIndex = 0; path = Ios_animationUITests.xctest; sourceTree = BUILT_PRODUCTS_DIR; };
		27F1BA921D838A1F0015E481 /* Ios_animationUITests.swift */ = {isa = PBXFileReference; lastKnownFileType = sourcecode.swift; path = Ios_animationUITests.swift; sourceTree = "<group>"; };
		27F1BA941D838A1F0015E481 /* Info.plist */ = {isa = PBXFileReference; lastKnownFileType = text.plist.xml; path = Info.plist; sourceTree = "<group>"; };
/* End PBXFileReference section */

/* Begin PBXFrameworksBuildPhase section */
		27F1BA6C1D838A1F0015E481 /* Frameworks */ = {
			isa = PBXFrameworksBuildPhase;
			buildActionMask = 2147483647;
			files = (
			);
			runOnlyForDeploymentPostprocessing = 0;
		};
		27F1BA801D838A1F0015E481 /* Frameworks */ = {
			isa = PBXFrameworksBuildPhase;
			buildActionMask = 2147483647;
			files = (
			);
			runOnlyForDeploymentPostprocessing = 0;
		};
		27F1BA8B1D838A1F0015E481 /* Frameworks */ = {
			isa = PBXFrameworksBuildPhase;
			buildActionMask = 2147483647;
			files = (
			);
			runOnlyForDeploymentPostprocessing = 0;
		};
/* End PBXFrameworksBuildPhase section */

/* Begin PBXGroup section */
		27F1BA661D838A1F0015E481 = {
			isa = PBXGroup;
			children = (
				27F1BA711D838A1F0015E481 /* Ios_animation */,
				27F1BA861D838A1F0015E481 /* Ios_animationTests */,
				27F1BA911D838A1F0015E481 /* Ios_animationUITests */,
				27F1BA701D838A1F0015E481 /* Products */,
			);
			sourceTree = "<group>";
		};
		27F1BA701D838A1F0015E481 /* Products */ = {
			isa = PBXGroup;
			children = (
				27F1BA6F1D838A1F0015E481 /* Ios_animation.app */,
				27F1BA831D838A1F0015E481 /* Ios_animationTests.xctest */,
				27F1BA8E1D838A1F0015E481 /* Ios_animationUITests.xctest */,
			);
			name = Products;
			sourceTree = "<group>";
		};
		27F1BA711D838A1F0015E481 /* Ios_animation */ = {
			isa = PBXGroup;
			children = (
				27F1BA721D838A1F0015E481 /* AppDelegate.swift */,
				27F1BA741D838A1F0015E481 /* ViewController.swift */,
				27F1BA761D838A1F0015E481 /* Main.storyboard */,
				27F1BA791D838A1F0015E481 /* Assets.xcassets */,
				27F1BA7B1D838A1F0015E481 /* LaunchScreen.storyboard */,
				27F1BA7E1D838A1F0015E481 /* Info.plist */,
			);
			path = Ios_animation;
			sourceTree = "<group>";
		};
		27F1BA861D838A1F0015E481 /* Ios_animationTests */ = {
			isa = PBXGroup;
			children = (
				27F1BA871D838A1F0015E481 /* Ios_animationTests.swift */,
				27F1BA891D838A1F0015E481 /* Info.plist */,
			);
			path = Ios_animationTests;
			sourceTree = "<group>";
		};
		27F1BA911D838A1F0015E481 /* Ios_animationUITests */ = {
			isa = PBXGroup;
			children = (
				27F1BA921D838A1F0015E481 /* Ios_animationUITests.swift */,
				27F1BA941D838A1F0015E481 /* Info.plist */,
			);
			path = Ios_animationUITests;
			sourceTree = "<group>";
		};
/* End PBXGroup section */

/* Begin PBXNativeTarget section */
		27F1BA6E1D838A1F0015E481 /* Ios_animation */ = {
			isa = PBXNativeTarget;
			buildConfigurationList = 27F1BA971D838A1F0015E481 /* Build configuration list for PBXNativeTarget "Ios_animation" */;
			buildPhases = (
				27F1BA6B1D838A1F0015E481 /* Sources */,
				27F1BA6C1D838A1F0015E481 /* Frameworks */,
				27F1BA6D1D838A1F0015E481 /* Resources */,
			);
			buildRules = (
			);
			dependencies = (
			);
			name = Ios_animation;
			productName = Ios_animation;
			productReference = 27F1BA6F1D838A1F0015E481 /* Ios_animation.app */;
			productType = "com.apple.product-type.application";
		};
		27F1BA821D838A1F0015E481 /* Ios_animationTests */ = {
			isa = PBXNativeTarget;
			buildConfigurationList = 27F1BA9A1D838A1F0015E481 /* Build configuration list for PBXNativeTarget "Ios_animationTests" */;
			buildPhases = (
				27F1BA7F1D838A1F0015E481 /* Sources */,
				27F1BA801D838A1F0015E481 /* Frameworks */,
				27F1BA811D838A1F0015E481 /* Resources */,
			);
			buildRules = (
			);
			dependencies = (
				27F1BA851D838A1F0015E481 /* PBXTargetDependency */,
			);
			name = Ios_animationTests;
			productName = Ios_animationTests;
			productReference = 27F1BA831D838A1F0015E481 /* Ios_animationTests.xctest */;
			productType = "com.apple.product-type.bundle.unit-test";
		};
		27F1BA8D1D838A1F0015E481 /* Ios_animationUITests */ = {
			isa = PBXNativeTarget;
			buildConfigurationList = 27F1BA9D1D838A1F0015E481 /* Build configuration list for PBXNativeTarget "Ios_animationUITests" */;
			buildPhases = (
				27F1BA8A1D838A1F0015E481 /* Sources */,
				27F1BA8B1D838A1F0015E481 /* Frameworks */,
				27F1BA8C1D838A1F0015E481 /* Resources */,
			);
			buildRules = (
			);
			dependencies = (
				27F1BA901D838A1F0015E481 /* PBXTargetDependency */,
			);
			name = Ios_animationUITests;
			productName = Ios_animationUITests;
			productReference = 27F1BA8E1D838A1F0015E481 /* Ios_animationUITests.xctest */;
			productType = "com.apple.product-type.bundle.ui-testing";
		};
/* End PBXNativeTarget section */

/* Begin PBXProject section */
		27F1BA671D838A1F0015E481 /* Project object */ = {
			isa = PBXProject;
			attributes = {
				LastSwiftUpdateCheck = 0730;
				LastUpgradeCheck = 0730;
				ORGANIZATIONNAME = "zhou ligang";
				TargetAttributes = {
					27F1BA6E1D838A1F0015E481 = {
						CreatedOnToolsVersion = 7.3.1;
					};
					27F1BA821D838A1F0015E481 = {
						CreatedOnToolsVersion = 7.3.1;
						TestTargetID = 27F1BA6E1D838A1F0015E481;
					};
					27F1BA8D1D838A1F0015E481 = {
						CreatedOnToolsVersion = 7.3.1;
						TestTargetID = 27F1BA6E1D838A1F0015E481;
					};
				};
			};
			buildConfigurationList = 27F1BA6A1D838A1F0015E481 /* Build configuration list for PBXProject "Ios_animation" */;
			compatibilityVersion = "Xcode 3.2";
			developmentRegion = English;
			hasScannedForEncodings = 0;
			knownRegions = (
				en,
				Base,
			);
			mainGroup = 27F1BA661D838A1F0015E481;
			productRefGroup = 27F1BA701D838A1F0015E481 /* Products */;
			projectDirPath = "";
			projectRoot = "";
			targets = (
				27F1BA6E1D838A1F0015E481 /* Ios_animation */,
				27F1BA821D838A1F0015E481 /* Ios_animationTests */,
				27F1BA8D1D838A1F0015E481 /* Ios_animationUITests */,
			);
		};
/* End PBXProject section */

/* Begin PBXResourcesBuildPhase section */
		27F1BA6D1D838A1F0015E481 /* Resources */ = {
			isa = PBXResourcesBuildPhase;
			buildActionMask = 2147483647;
			files = (
				27F1BA7D1D838A1F0015E481 /* LaunchScreen.storyboard in Resources */,
				27F1BA7A1D838A1F0015E481 /* Assets.xcassets in Resources */,
				27F1BA781D838A1F0015E481 /* Main.storyboard in Resources */,
			);
			runOnlyForDeploymentPostprocessing = 0;
		};
		27F1BA811D838A1F0015E481 /* Resources */ = {
			isa = PBXResourcesBuildPhase;
			buildActionMask = 2147483647;
			files = (
			);
			runOnlyForDeploymentPostprocessing = 0;
		};
		27F1BA8C1D838A1F0015E481 /* Resources */ = {
			isa = PBXResourcesBuildPhase;
			buildActionMask = 2147483647;
			files = (
			);
			runOnlyForDeploymentPostprocessing = 0;
		};
/* End PBXResourcesBuildPhase section */

/* Begin PBXSourcesBuildPhase section */
		27F1BA6B1D838A1F0015E481 /* Sources */ = {
			isa = PBXSourcesBuildPhase;
			buildActionMask = 2147483647;
			files = (
				27F1BA751D838A1F0015E481 /* ViewController.swift in Sources */,
				27F1BA731D838A1F0015E481 /* AppDelegate.swift in Sources */,
			);
			runOnlyForDeploymentPostprocessing = 0;
		};
		27F1BA7F1D838A1F0015E481 /* Sources */ = {
			isa = PBXSourcesBuildPhase;
			buildActionMask = 2147483647;
			files = (
				27F1BA881D838A1F0015E481 /* Ios_animationTests.swift in Sources */,
			);
			runOnlyForDeploymentPostprocessing = 0;
		};
		27F1BA8A1D838A1F0015E481 /* Sources */ = {
			isa = PBXSourcesBuildPhase;
			buildActionMask = 2147483647;
			files = (
				27F1BA931D838A1F0015E481 /* Ios_animationUITests.swift in Sources */,
			);
			runOnlyForDeploymentPostprocessing = 0;
		};
/* End PBXSourcesBuildPhase section */

/* Begin PBXTargetDependency section */
		27F1BA851D838A1F0015E481 /* PBXTargetDependency */ = {
			isa = PBXTargetDependency;
			target = 27F1BA6E1D838A1F0015E481 /* Ios_animation */;
			targetProxy = 27F1BA841D838A1F0015E481 /* PBXContainerItemProxy */;
		};
		27F1BA901D838A1F0015E481 /* PBXTargetDependency */ = {
			isa = PBXTargetDependency;
			target = 27F1BA6E1D838A1F0015E481 /* Ios_animation */;
			targetProxy = 27F1BA8F1D838A1F0015E481 /* PBXContainerItemProxy */;
		};
/* End PBXTargetDependency section */

/* Begin PBXVariantGroup section */
		27F1BA761D838A1F0015E481 /* Main.storyboard */ = {
			isa = PBXVariantGroup;
			children = (
				27F1BA771D838A1F0015E481 /* Base */,
			);
			name = Main.storyboard;
			sourceTree = "<group>";
		};
		27F1BA7B1D838A1F0015E481 /* LaunchScreen.storyboard */ = {
			isa = PBXVariantGroup;
			children = (
				27F1BA7C1D838A1F0015E481 /* Base */,
			);
			name = LaunchScreen.storyboard;
			sourceTree = "<group>";
		};
/* End PBXVariantGroup section */

/* Begin XCBuildConfiguration section */
		27F1BA951D838A1F0015E481 /* Debug */ = {
			isa = XCBuildConfiguration;
			buildSettings = {
				ALWAYS_SEARCH_USER_PATHS = NO;
				CLANG_ANALYZER_NONNULL = YES;
				CLANG_CXX_LANGUAGE_STANDARD = "gnu++0x";
				CLANG_CXX_LIBRARY = "libc++";
				CLANG_ENABLE_MODULES = YES;
				CLANG_ENABLE_OBJC_ARC = YES;
				CLANG_WARN_BOOL_CONVERSION = YES;
				CLANG_WARN_CONSTANT_CONVERSION = YES;
				CLANG_WARN_DIRECT_OBJC_ISA_USAGE = YES_ERROR;
				CLANG_WARN_EMPTY_BODY = YES;
				CLANG_WARN_ENUM_CONVERSION = YES;
				CLANG_WARN_INT_CONVERSION = YES;
				CLANG_WARN_OBJC_ROOT_CLASS = YES_ERROR;
				CLANG_WARN_UNREACHABLE_CODE = YES;
				CLANG_WARN__DUPLICATE_METHOD_MATCH = YES;
				"CODE_SIGN_IDENTITY[sdk=iphoneos*]" = "iPhone Developer";
				COPY_PHASE_STRIP = NO;
				DEBUG_INFORMATION_FORMAT = dwarf;
				ENABLE_STRICT_OBJC_MSGSEND = YES;
				ENABLE_TESTABILITY = YES;
				GCC_C_LANGUAGE_STANDARD = gnu99;
				GCC_DYNAMIC_NO_PIC = NO;
				GCC_NO_COMMON_BLOCKS = YES;
				GCC_OPTIMIZATION_LEVEL = 0;
				GCC_PREPROCESSOR_DEFINITIONS = (
					"DEBUG=1",
					"$(inherited)",
				);
				GCC_WARN_64_TO_32_BIT_CONVERSION = YES;
				GCC_WARN_ABOUT_RETURN_TYPE = YES_ERROR;
				GCC_WARN_UNDECLARED_SELECTOR = YES;
				GCC_WARN_UNINITIALIZED_AUTOS = YES_AGGRESSIVE;
				GCC_WARN_UNUSED_FUNCTION = YES;
				GCC_WARN_UNUSED_VARIABLE = YES;
				IPHONEOS_DEPLOYMENT_TARGET = 9.3;
				MTL_ENABLE_DEBUG_INFO = YES;
				ONLY_ACTIVE_ARCH = YES;
				SDKROOT = iphoneos;
				SWIFT_OPTIMIZATION_LEVEL = "-Onone";
				TARGETED_DEVICE_FAMILY = "1,2";
			};
			name = Debug;
		};
		27F1BA961D838A1F0015E481 /* Release */ = {
			isa = XCBuildConfiguration;
			buildSettings = {
				ALWAYS_SEARCH_USER_PATHS = NO;
				CLANG_ANALYZER_NONNULL = YES;
				CLANG_CXX_LANGUAGE_STANDARD = "gnu++0x";
				CLANG_CXX_LIBRARY = "libc++";
				CLANG_ENABLE_MODULES = YES;
				CLANG_ENABLE_OBJC_ARC = YES;
				CLANG_WARN_BOOL_CONVERSION = YES;
				CLANG_WARN_CONSTANT_CONVERSION = YES;
				CLANG_WARN_DIRECT_OBJC_ISA_USAGE = YES_ERROR;
				CLANG_WARN_EMPTY_BODY = YES;
				CLANG_WARN_ENUM_CONVERSION = YES;
				CLANG_WARN_INT_CONVERSION = YES;
				CLANG_WARN_OBJC_ROOT_CLASS = YES_ERROR;
				CLANG_WARN_UNREACHABLE_CODE = YES;
				CLANG_WARN__DUPLICATE_METHOD_MATCH = YES;
				"CODE_SIGN_IDENTITY[sdk=iphoneos*]" = "iPhone Developer";
				COPY_PHASE_STRIP = NO;
				DEBUG_INFORMATION_FORMAT = "dwarf-with-dsym";
				ENABLE_NS_ASSERTIONS = NO;
				ENABLE_STRICT_OBJC_MSGSEND = YES;
				GCC_C_LANGUAGE_STANDARD = gnu99;
				GCC_NO_COMMON_BLOCKS = YES;
				GCC_WARN_64_TO_32_BIT_CONVERSION = YES;
				GCC_WARN_ABOUT_RETURN_TYPE = YES_ERROR;
				GCC_WARN_UNDECLARED_SELECTOR = YES;
				GCC_WARN_UNINITIALIZED_AUTOS = YES_AGGRESSIVE;
				GCC_WARN_UNUSED_FUNCTION = YES;
				GCC_WARN_UNUSED_VARIABLE = YES;
				IPHONEOS_DEPLOYMENT_TARGET = 9.3;
				MTL_ENABLE_DEBUG_INFO = NO;
				SDKROOT = iphoneos;
				TARGETED_DEVICE_FAMILY = "1,2";
				VALIDATE_PRODUCT = YES;
			};
			name = Release;
		};
		27F1BA981D838A1F0015E481 /* Debug */ = {
			isa = XCBuildConfiguration;
			buildSettings = {
				ASSETCATALOG_COMPILER_APPICON_NAME = AppIcon;
				INFOPLIST_FILE = Ios_animation/Info.plist;
				LD_RUNPATH_SEARCH_PATHS = "$(inherited) @executable_path/Frameworks";
				PRODUCT_BUNDLE_IDENTIFIER = "com.ligulfzhou.Ios-animation";
				PRODUCT_NAME = "$(TARGET_NAME)";
			};
			name = Debug;
		};
		27F1BA991D838A1F0015E481 /* Release */ = {
			isa = XCBuildConfiguration;
			buildSettings = {
				ASSETCATALOG_COMPILER_APPICON_NAME = AppIcon;
				INFOPLIST_FILE = Ios_animation/Info.plist;
				LD_RUNPATH_SEARCH_PATHS = "$(inherited) @executable_path/Frameworks";
				PRODUCT_BUNDLE_IDENTIFIER = "com.ligulfzhou.Ios-animation";
				PRODUCT_NAME = "$(TARGET_NAME)";
			};
			name = Release;
		};
		27F1BA9B1D838A1F0015E481 /* Debug */ = {
			isa = XCBuildConfiguration;
			buildSettings = {
				BUNDLE_LOADER = "$(TEST_HOST)";
				INFOPLIST_FILE = Ios_animationTests/Info.plist;
				LD_RUNPATH_SEARCH_PATHS = "$(inherited) @executable_path/Frameworks @loader_path/Frameworks";
				PRODUCT_BUNDLE_IDENTIFIER = "com.ligulfzhou.Ios-animationTests";
				PRODUCT_NAME = "$(TARGET_NAME)";
				TEST_HOST = "$(BUILT_PRODUCTS_DIR)/Ios_animation.app/Ios_animation";
			};
			name = Debug;
		};
		27F1BA9C1D838A1F0015E481 /* Release */ = {
			isa = XCBuildConfiguration;
			buildSettings = {
				BUNDLE_LOADER = "$(TEST_HOST)";
				INFOPLIST_FILE = Ios_animationTests/Info.plist;
				LD_RUNPATH_SEARCH_PATHS = "$(inherited) @executable_path/Frameworks @loader_path/Frameworks";
				PRODUCT_BUNDLE_IDENTIFIER = "com.ligulfzhou.Ios-animationTests";
				PRODUCT_NAME = "$(TARGET_NAME)";
				TEST_HOST = "$(BUILT_PRODUCTS_DIR)/Ios_animation.app/Ios_animation";
			};
			name = Release;
		};
		27F1BA9E1D838A1F0015E481 /* Debug */ = {
			isa = XCBuildConfiguration;
			buildSettings = {
				INFOPLIST_FILE = Ios_animationUITests/Info.plist;
				LD_RUNPATH_SEARCH_PATHS = "$(inherited) @executable_path/Frameworks @loader_path/Frameworks";
				PRODUCT_BUNDLE_IDENTIFIER = "com.ligulfzhou.Ios-animationUITests";
				PRODUCT_NAME = "$(TARGET_NAME)";
				TEST_TARGET_NAME = Ios_animation;
			};
			name = Debug;
		};
		27F1BA9F1D838A1F0015E481 /* Release */ = {
			isa = XCBuildConfiguration;
			buildSettings = {
				INFOPLIST_FILE = Ios_animationUITests/Info.plist;
				LD_RUNPATH_SEARCH_PATHS = "$(inherited) @executable_path/Frameworks @loader_path/Frameworks";
				PRODUCT_BUNDLE_IDENTIFIER = "com.ligulfzhou.Ios-animationUITests";
				PRODUCT_NAME = "$(TARGET_NAME)";
				TEST_TARGET_NAME = Ios_animation;
			};
			name = Release;
		};
/* End XCBuildConfiguration section */

/* Begin XCConfigurationList section */
		27F1BA6A1D838A1F0015E481 /* Build configuration list for PBXProject "Ios_animation" */ = {
			isa = XCConfigurationList;
			buildConfigurations = (
				27F1BA951D838A1F0015E481 /* Debug */,
				27F1BA961D838A1F0015E481 /* Release */,
			);
			defaultConfigurationIsVisible = 0;
			defaultConfigurationName = Release;
		};
		27F1BA971D838A1F0015E481 /* Build configuration list for PBXNativeTarget "Ios_animation" */ = {
			isa = XCConfigurationList;
			buildConfigurations = (
				27F1BA981D838A1F0015E481 /* Debug */,
				27F1BA991D838A1F0015E481 /* Release */,
			);
			defaultConfigurationIsVisible = 0;
		};
		27F1BA9A1D838A1F0015E481 /* Build configuration list for PBXNativeTarget "Ios_animationTests" */ = {
			isa = XCConfigurationList;
			buildConfigurations = (
				27F1BA9B1D838A1F0015E481 /* Debug */,
				27F1BA9C1D838A1F0015E481 /* Release */,
			);
			defaultConfigurationIsVisible = 0;
		};
		27F1BA9D1D838A1F0015E481 /* Build configuration list for PBXNativeTarget "Ios_animationUITests" */ = {
			isa = XCConfigurationList;
			buildConfigurations = (
				27F1BA9E1D838A1F0015E481 /* Debug */,
				27F1BA9F1D838A1F0015E481 /* Release */,
			);
			defaultConfigurationIsVisible = 0;
		};
/* End XCConfigurationList section */
	};
	rootObject = 27F1BA671D838A1F0015E481 /* Project object */;
}
