// !$*UTF8*$!
{
	archiveVersion = 1;
	classes = {
	};
	objectVersion = 46;
	objects = {

/* Begin PBXBuildFile section */
		50BBE4FE1C5DF7E4009896CF /* main.m in Sources */ = {isa = PBXBuildFile; fileRef = 50BBE4FD1C5DF7E4009896CF /* main.m */; };
		50BBE5011C5DF7E4009896CF /* AppDelegate.m in Sources */ = {isa = PBXBuildFile; fileRef = 50BBE5001C5DF7E4009896CF /* AppDelegate.m */; };
		50BBE5041C5DF7E4009896CF /* ViewController.m in Sources */ = {isa = PBXBuildFile; fileRef = 50BBE5031C5DF7E4009896CF /* ViewController.m */; };
		50BBE5071C5DF7E4009896CF /* Main.storyboard in Resources */ = {isa = PBXBuildFile; fileRef = 50BBE5051C5DF7E4009896CF /* Main.storyboard */; };
		50BBE5091C5DF7E4009896CF /* Assets.xcassets in Resources */ = {isa = PBXBuildFile; fileRef = 50BBE5081C5DF7E4009896CF /* Assets.xcassets */; };
		50BBE50C1C5DF7E4009896CF /* LaunchScreen.storyboard in Resources */ = {isa = PBXBuildFile; fileRef = 50BBE50A1C5DF7E4009896CF /* LaunchScreen.storyboard */; };
		50BBE5171C5DF7E4009896CF /* static_tableviewTests.m in Sources */ = {isa = PBXBuildFile; fileRef = 50BBE5161C5DF7E4009896CF /* static_tableviewTests.m */; };
		50BBE5221C5DF7E4009896CF /* static_tableviewUITests.m in Sources */ = {isa = PBXBuildFile; fileRef = 50BBE5211C5DF7E4009896CF /* static_tableviewUITests.m */; };
/* End PBXBuildFile section */

/* Begin PBXContainerItemProxy section */
		50BBE5131C5DF7E4009896CF /* PBXContainerItemProxy */ = {
			isa = PBXContainerItemProxy;
			containerPortal = 50BBE4F11C5DF7E4009896CF /* Project object */;
			proxyType = 1;
			remoteGlobalIDString = 50BBE4F81C5DF7E4009896CF;
			remoteInfo = static_tableview;
		};
		50BBE51E1C5DF7E4009896CF /* PBXContainerItemProxy */ = {
			isa = PBXContainerItemProxy;
			containerPortal = 50BBE4F11C5DF7E4009896CF /* Project object */;
			proxyType = 1;
			remoteGlobalIDString = 50BBE4F81C5DF7E4009896CF;
			remoteInfo = static_tableview;
		};
/* End PBXContainerItemProxy section */

/* Begin PBXFileReference section */
		50BBE4F91C5DF7E4009896CF /* static_tableview.app */ = {isa = PBXFileReference; explicitFileType = wrapper.application; includeInIndex = 0; path = static_tableview.app; sourceTree = BUILT_PRODUCTS_DIR; };
		50BBE4FD1C5DF7E4009896CF /* main.m */ = {isa = PBXFileReference; lastKnownFileType = sourcecode.c.objc; path = main.m; sourceTree = "<group>"; };
		50BBE4FF1C5DF7E4009896CF /* AppDelegate.h */ = {isa = PBXFileReference; lastKnownFileType = sourcecode.c.h; path = AppDelegate.h; sourceTree = "<group>"; };
		50BBE5001C5DF7E4009896CF /* AppDelegate.m */ = {isa = PBXFileReference; lastKnownFileType = sourcecode.c.objc; path = AppDelegate.m; sourceTree = "<group>"; };
		50BBE5021C5DF7E4009896CF /* ViewController.h */ = {isa = PBXFileReference; lastKnownFileType = sourcecode.c.h; path = ViewController.h; sourceTree = "<group>"; };
		50BBE5031C5DF7E4009896CF /* ViewController.m */ = {isa = PBXFileReference; lastKnownFileType = sourcecode.c.objc; path = ViewController.m; sourceTree = "<group>"; };
		50BBE5061C5DF7E4009896CF /* Base */ = {isa = PBXFileReference; lastKnownFileType = file.storyboard; name = Base; path = Base.lproj/Main.storyboard; sourceTree = "<group>"; };
		50BBE5081C5DF7E4009896CF /* Assets.xcassets */ = {isa = PBXFileReference; lastKnownFileType = folder.assetcatalog; path = Assets.xcassets; sourceTree = "<group>"; };
		50BBE50B1C5DF7E4009896CF /* Base */ = {isa = PBXFileReference; lastKnownFileType = file.storyboard; name = Base; path = Base.lproj/LaunchScreen.storyboard; sourceTree = "<group>"; };
		50BBE50D1C5DF7E4009896CF /* Info.plist */ = {isa = PBXFileReference; lastKnownFileType = text.plist.xml; path = Info.plist; sourceTree = "<group>"; };
		50BBE5121C5DF7E4009896CF /* static_tableviewTests.xctest */ = {isa = PBXFileReference; explicitFileType = wrapper.cfbundle; includeInIndex = 0; path = static_tableviewTests.xctest; sourceTree = BUILT_PRODUCTS_DIR; };
		50BBE5161C5DF7E4009896CF /* static_tableviewTests.m */ = {isa = PBXFileReference; lastKnownFileType = sourcecode.c.objc; path = static_tableviewTests.m; sourceTree = "<group>"; };
		50BBE5181C5DF7E4009896CF /* Info.plist */ = {isa = PBXFileReference; lastKnownFileType = text.plist.xml; path = Info.plist; sourceTree = "<group>"; };
		50BBE51D1C5DF7E4009896CF /* static_tableviewUITests.xctest */ = {isa = PBXFileReference; explicitFileType = wrapper.cfbundle; includeInIndex = 0; path = static_tableviewUITests.xctest; sourceTree = BUILT_PRODUCTS_DIR; };
		50BBE5211C5DF7E4009896CF /* static_tableviewUITests.m */ = {isa = PBXFileReference; lastKnownFileType = sourcecode.c.objc; path = static_tableviewUITests.m; sourceTree = "<group>"; };
		50BBE5231C5DF7E4009896CF /* Info.plist */ = {isa = PBXFileReference; lastKnownFileType = text.plist.xml; path = Info.plist; sourceTree = "<group>"; };
/* End PBXFileReference section */

/* Begin PBXFrameworksBuildPhase section */
		50BBE4F61C5DF7E4009896CF /* Frameworks */ = {
			isa = PBXFrameworksBuildPhase;
			buildActionMask = 2147483647;
			files = (
			);
			runOnlyForDeploymentPostprocessing = 0;
		};
		50BBE50F1C5DF7E4009896CF /* Frameworks */ = {
			isa = PBXFrameworksBuildPhase;
			buildActionMask = 2147483647;
			files = (
			);
			runOnlyForDeploymentPostprocessing = 0;
		};
		50BBE51A1C5DF7E4009896CF /* Frameworks */ = {
			isa = PBXFrameworksBuildPhase;
			buildActionMask = 2147483647;
			files = (
			);
			runOnlyForDeploymentPostprocessing = 0;
		};
/* End PBXFrameworksBuildPhase section */

/* Begin PBXGroup section */
		50BBE4F01C5DF7E4009896CF = {
			isa = PBXGroup;
			children = (
				50BBE4FB1C5DF7E4009896CF /* static_tableview */,
				50BBE5151C5DF7E4009896CF /* static_tableviewTests */,
				50BBE5201C5DF7E4009896CF /* static_tableviewUITests */,
				50BBE4FA1C5DF7E4009896CF /* Products */,
			);
			sourceTree = "<group>";
		};
		50BBE4FA1C5DF7E4009896CF /* Products */ = {
			isa = PBXGroup;
			children = (
				50BBE4F91C5DF7E4009896CF /* static_tableview.app */,
				50BBE5121C5DF7E4009896CF /* static_tableviewTests.xctest */,
				50BBE51D1C5DF7E4009896CF /* static_tableviewUITests.xctest */,
			);
			name = Products;
			sourceTree = "<group>";
		};
		50BBE4FB1C5DF7E4009896CF /* static_tableview */ = {
			isa = PBXGroup;
			children = (
				50BBE4FF1C5DF7E4009896CF /* AppDelegate.h */,
				50BBE5001C5DF7E4009896CF /* AppDelegate.m */,
				50BBE5021C5DF7E4009896CF /* ViewController.h */,
				50BBE5031C5DF7E4009896CF /* ViewController.m */,
				50BBE5051C5DF7E4009896CF /* Main.storyboard */,
				50BBE5081C5DF7E4009896CF /* Assets.xcassets */,
				50BBE50A1C5DF7E4009896CF /* LaunchScreen.storyboard */,
				50BBE50D1C5DF7E4009896CF /* Info.plist */,
				50BBE4FC1C5DF7E4009896CF /* Supporting Files */,
			);
			path = static_tableview;
			sourceTree = "<group>";
		};
		50BBE4FC1C5DF7E4009896CF /* Supporting Files */ = {
			isa = PBXGroup;
			children = (
				50BBE4FD1C5DF7E4009896CF /* main.m */,
			);
			name = "Supporting Files";
			sourceTree = "<group>";
		};
		50BBE5151C5DF7E4009896CF /* static_tableviewTests */ = {
			isa = PBXGroup;
			children = (
				50BBE5161C5DF7E4009896CF /* static_tableviewTests.m */,
				50BBE5181C5DF7E4009896CF /* Info.plist */,
			);
			path = static_tableviewTests;
			sourceTree = "<group>";
		};
		50BBE5201C5DF7E4009896CF /* static_tableviewUITests */ = {
			isa = PBXGroup;
			children = (
				50BBE5211C5DF7E4009896CF /* static_tableviewUITests.m */,
				50BBE5231C5DF7E4009896CF /* Info.plist */,
			);
			path = static_tableviewUITests;
			sourceTree = "<group>";
		};
/* End PBXGroup section */

/* Begin PBXNativeTarget section */
		50BBE4F81C5DF7E4009896CF /* static_tableview */ = {
			isa = PBXNativeTarget;
			buildConfigurationList = 50BBE5261C5DF7E4009896CF /* Build configuration list for PBXNativeTarget "static_tableview" */;
			buildPhases = (
				50BBE4F51C5DF7E4009896CF /* Sources */,
				50BBE4F61C5DF7E4009896CF /* Frameworks */,
				50BBE4F71C5DF7E4009896CF /* Resources */,
			);
			buildRules = (
			);
			dependencies = (
			);
			name = static_tableview;
			productName = static_tableview;
			productReference = 50BBE4F91C5DF7E4009896CF /* static_tableview.app */;
			productType = "com.apple.product-type.application";
		};
		50BBE5111C5DF7E4009896CF /* static_tableviewTests */ = {
			isa = PBXNativeTarget;
			buildConfigurationList = 50BBE5291C5DF7E4009896CF /* Build configuration list for PBXNativeTarget "static_tableviewTests" */;
			buildPhases = (
				50BBE50E1C5DF7E4009896CF /* Sources */,
				50BBE50F1C5DF7E4009896CF /* Frameworks */,
				50BBE5101C5DF7E4009896CF /* Resources */,
			);
			buildRules = (
			);
			dependencies = (
				50BBE5141C5DF7E4009896CF /* PBXTargetDependency */,
			);
			name = static_tableviewTests;
			productName = static_tableviewTests;
			productReference = 50BBE5121C5DF7E4009896CF /* static_tableviewTests.xctest */;
			productType = "com.apple.product-type.bundle.unit-test";
		};
		50BBE51C1C5DF7E4009896CF /* static_tableviewUITests */ = {
			isa = PBXNativeTarget;
			buildConfigurationList = 50BBE52C1C5DF7E4009896CF /* Build configuration list for PBXNativeTarget "static_tableviewUITests" */;
			buildPhases = (
				50BBE5191C5DF7E4009896CF /* Sources */,
				50BBE51A1C5DF7E4009896CF /* Frameworks */,
				50BBE51B1C5DF7E4009896CF /* Resources */,
			);
			buildRules = (
			);
			dependencies = (
				50BBE51F1C5DF7E4009896CF /* PBXTargetDependency */,
			);
			name = static_tableviewUITests;
			productName = static_tableviewUITests;
			productReference = 50BBE51D1C5DF7E4009896CF /* static_tableviewUITests.xctest */;
			productType = "com.apple.product-type.bundle.ui-testing";
		};
/* End PBXNativeTarget section */

/* Begin PBXProject section */
		50BBE4F11C5DF7E4009896CF /* Project object */ = {
			isa = PBXProject;
			attributes = {
				LastUpgradeCheck = 0720;
				ORGANIZATIONNAME = ligulfzhou;
				TargetAttributes = {
					50BBE4F81C5DF7E4009896CF = {
						CreatedOnToolsVersion = 7.2;
					};
					50BBE5111C5DF7E4009896CF = {
						CreatedOnToolsVersion = 7.2;
						TestTargetID = 50BBE4F81C5DF7E4009896CF;
					};
					50BBE51C1C5DF7E4009896CF = {
						CreatedOnToolsVersion = 7.2;
						TestTargetID = 50BBE4F81C5DF7E4009896CF;
					};
				};
			};
			buildConfigurationList = 50BBE4F41C5DF7E4009896CF /* Build configuration list for PBXProject "static_tableview" */;
			compatibilityVersion = "Xcode 3.2";
			developmentRegion = English;
			hasScannedForEncodings = 0;
			knownRegions = (
				en,
				Base,
			);
			mainGroup = 50BBE4F01C5DF7E4009896CF;
			productRefGroup = 50BBE4FA1C5DF7E4009896CF /* Products */;
			projectDirPath = "";
			projectRoot = "";
			targets = (
				50BBE4F81C5DF7E4009896CF /* static_tableview */,
				50BBE5111C5DF7E4009896CF /* static_tableviewTests */,
				50BBE51C1C5DF7E4009896CF /* static_tableviewUITests */,
			);
		};
/* End PBXProject section */

/* Begin PBXResourcesBuildPhase section */
		50BBE4F71C5DF7E4009896CF /* Resources */ = {
			isa = PBXResourcesBuildPhase;
			buildActionMask = 2147483647;
			files = (
				50BBE50C1C5DF7E4009896CF /* LaunchScreen.storyboard in Resources */,
				50BBE5091C5DF7E4009896CF /* Assets.xcassets in Resources */,
				50BBE5071C5DF7E4009896CF /* Main.storyboard in Resources */,
			);
			runOnlyForDeploymentPostprocessing = 0;
		};
		50BBE5101C5DF7E4009896CF /* Resources */ = {
			isa = PBXResourcesBuildPhase;
			buildActionMask = 2147483647;
			files = (
			);
			runOnlyForDeploymentPostprocessing = 0;
		};
		50BBE51B1C5DF7E4009896CF /* Resources */ = {
			isa = PBXResourcesBuildPhase;
			buildActionMask = 2147483647;
			files = (
			);
			runOnlyForDeploymentPostprocessing = 0;
		};
/* End PBXResourcesBuildPhase section */

/* Begin PBXSourcesBuildPhase section */
		50BBE4F51C5DF7E4009896CF /* Sources */ = {
			isa = PBXSourcesBuildPhase;
			buildActionMask = 2147483647;
			files = (
				50BBE5041C5DF7E4009896CF /* ViewController.m in Sources */,
				50BBE5011C5DF7E4009896CF /* AppDelegate.m in Sources */,
				50BBE4FE1C5DF7E4009896CF /* main.m in Sources */,
			);
			runOnlyForDeploymentPostprocessing = 0;
		};
		50BBE50E1C5DF7E4009896CF /* Sources */ = {
			isa = PBXSourcesBuildPhase;
			buildActionMask = 2147483647;
			files = (
				50BBE5171C5DF7E4009896CF /* static_tableviewTests.m in Sources */,
			);
			runOnlyForDeploymentPostprocessing = 0;
		};
		50BBE5191C5DF7E4009896CF /* Sources */ = {
			isa = PBXSourcesBuildPhase;
			buildActionMask = 2147483647;
			files = (
				50BBE5221C5DF7E4009896CF /* static_tableviewUITests.m in Sources */,
			);
			runOnlyForDeploymentPostprocessing = 0;
		};
/* End PBXSourcesBuildPhase section */

/* Begin PBXTargetDependency section */
		50BBE5141C5DF7E4009896CF /* PBXTargetDependency */ = {
			isa = PBXTargetDependency;
			target = 50BBE4F81C5DF7E4009896CF /* static_tableview */;
			targetProxy = 50BBE5131C5DF7E4009896CF /* PBXContainerItemProxy */;
		};
		50BBE51F1C5DF7E4009896CF /* PBXTargetDependency */ = {
			isa = PBXTargetDependency;
			target = 50BBE4F81C5DF7E4009896CF /* static_tableview */;
			targetProxy = 50BBE51E1C5DF7E4009896CF /* PBXContainerItemProxy */;
		};
/* End PBXTargetDependency section */

/* Begin PBXVariantGroup section */
		50BBE5051C5DF7E4009896CF /* Main.storyboard */ = {
			isa = PBXVariantGroup;
			children = (
				50BBE5061C5DF7E4009896CF /* Base */,
			);
			name = Main.storyboard;
			sourceTree = "<group>";
		};
		50BBE50A1C5DF7E4009896CF /* LaunchScreen.storyboard */ = {
			isa = PBXVariantGroup;
			children = (
				50BBE50B1C5DF7E4009896CF /* Base */,
			);
			name = LaunchScreen.storyboard;
			sourceTree = "<group>";
		};
/* End PBXVariantGroup section */

/* Begin XCBuildConfiguration section */
		50BBE5241C5DF7E4009896CF /* Debug */ = {
			isa = XCBuildConfiguration;
			buildSettings = {
				ALWAYS_SEARCH_USER_PATHS = NO;
				CLANG_CXX_LANGUAGE_STANDARD = "gnu++0x";
				CLANG_CXX_LIBRARY = "libc++";
				CLANG_ENABLE_MODULES = YES;
				CLANG_ENABLE_OBJC_ARC = YES;
				CLANG_WARN_BOOL_CONVERSION = YES;
				CLANG_WARN_CONSTANT_CONVERSION = YES;
				CLANG_WARN_DIRECT_OBJC_ISA_USAGE = YES_ERROR;
				CLANG_WARN_EMPTY_BODY = YES;
				CLANG_WARN_ENUM_CONVERSION = YES;
				CLANG_WARN_INT_CONVERSION = YES;
				CLANG_WARN_OBJC_ROOT_CLASS = YES_ERROR;
				CLANG_WARN_UNREACHABLE_CODE = YES;
				CLANG_WARN__DUPLICATE_METHOD_MATCH = YES;
				"CODE_SIGN_IDENTITY[sdk=iphoneos*]" = "iPhone Developer";
				COPY_PHASE_STRIP = NO;
				DEBUG_INFORMATION_FORMAT = dwarf;
				ENABLE_STRICT_OBJC_MSGSEND = YES;
				ENABLE_TESTABILITY = YES;
				GCC_C_LANGUAGE_STANDARD = gnu99;
				GCC_DYNAMIC_NO_PIC = NO;
				GCC_NO_COMMON_BLOCKS = YES;
				GCC_OPTIMIZATION_LEVEL = 0;
				GCC_PREPROCESSOR_DEFINITIONS = (
					"DEBUG=1",
					"$(inherited)",
				);
				GCC_WARN_64_TO_32_BIT_CONVERSION = YES;
				GCC_WARN_ABOUT_RETURN_TYPE = YES_ERROR;
				GCC_WARN_UNDECLARED_SELECTOR = YES;
				GCC_WARN_UNINITIALIZED_AUTOS = YES_AGGRESSIVE;
				GCC_WARN_UNUSED_FUNCTION = YES;
				GCC_WARN_UNUSED_VARIABLE = YES;
				IPHONEOS_DEPLOYMENT_TARGET = 9.2;
				MTL_ENABLE_DEBUG_INFO = YES;
				ONLY_ACTIVE_ARCH = YES;
				SDKROOT = iphoneos;
			};
			name = Debug;
		};
		50BBE5251C5DF7E4009896CF /* Release */ = {
			isa = XCBuildConfiguration;
			buildSettings = {
				ALWAYS_SEARCH_USER_PATHS = NO;
				CLANG_CXX_LANGUAGE_STANDARD = "gnu++0x";
				CLANG_CXX_LIBRARY = "libc++";
				CLANG_ENABLE_MODULES = YES;
				CLANG_ENABLE_OBJC_ARC = YES;
				CLANG_WARN_BOOL_CONVERSION = YES;
				CLANG_WARN_CONSTANT_CONVERSION = YES;
				CLANG_WARN_DIRECT_OBJC_ISA_USAGE = YES_ERROR;
				CLANG_WARN_EMPTY_BODY = YES;
				CLANG_WARN_ENUM_CONVERSION = YES;
				CLANG_WARN_INT_CONVERSION = YES;
				CLANG_WARN_OBJC_ROOT_CLASS = YES_ERROR;
				CLANG_WARN_UNREACHABLE_CODE = YES;
				CLANG_WARN__DUPLICATE_METHOD_MATCH = YES;
				"CODE_SIGN_IDENTITY[sdk=iphoneos*]" = "iPhone Developer";
				COPY_PHASE_STRIP = NO;
				DEBUG_INFORMATION_FORMAT = "dwarf-with-dsym";
				ENABLE_NS_ASSERTIONS = NO;
				ENABLE_STRICT_OBJC_MSGSEND = YES;
				GCC_C_LANGUAGE_STANDARD = gnu99;
				GCC_NO_COMMON_BLOCKS = YES;
				GCC_WARN_64_TO_32_BIT_CONVERSION = YES;
				GCC_WARN_ABOUT_RETURN_TYPE = YES_ERROR;
				GCC_WARN_UNDECLARED_SELECTOR = YES;
				GCC_WARN_UNINITIALIZED_AUTOS = YES_AGGRESSIVE;
				GCC_WARN_UNUSED_FUNCTION = YES;
				GCC_WARN_UNUSED_VARIABLE = YES;
				IPHONEOS_DEPLOYMENT_TARGET = 9.2;
				MTL_ENABLE_DEBUG_INFO = NO;
				SDKROOT = iphoneos;
				VALIDATE_PRODUCT = YES;
			};
			name = Release;
		};
		50BBE5271C5DF7E4009896CF /* Debug */ = {
			isa = XCBuildConfiguration;
			buildSettings = {
				ASSETCATALOG_COMPILER_APPICON_NAME = AppIcon;
				INFOPLIST_FILE = static_tableview/Info.plist;
				LD_RUNPATH_SEARCH_PATHS = "$(inherited) @executable_path/Frameworks";
				PRODUCT_BUNDLE_IDENTIFIER = "org.ligulfzhou.static-tableview";
				PRODUCT_NAME = "$(TARGET_NAME)";
			};
			name = Debug;
		};
		50BBE5281C5DF7E4009896CF /* Release */ = {
			isa = XCBuildConfiguration;
			buildSettings = {
				ASSETCATALOG_COMPILER_APPICON_NAME = AppIcon;
				INFOPLIST_FILE = static_tableview/Info.plist;
				LD_RUNPATH_SEARCH_PATHS = "$(inherited) @executable_path/Frameworks";
				PRODUCT_BUNDLE_IDENTIFIER = "org.ligulfzhou.static-tableview";
				PRODUCT_NAME = "$(TARGET_NAME)";
			};
			name = Release;
		};
		50BBE52A1C5DF7E4009896CF /* Debug */ = {
			isa = XCBuildConfiguration;
			buildSettings = {
				BUNDLE_LOADER = "$(TEST_HOST)";
				INFOPLIST_FILE = static_tableviewTests/Info.plist;
				LD_RUNPATH_SEARCH_PATHS = "$(inherited) @executable_path/Frameworks @loader_path/Frameworks";
				PRODUCT_BUNDLE_IDENTIFIER = "org.ligulfzhou.static-tableviewTests";
				PRODUCT_NAME = "$(TARGET_NAME)";
				TEST_HOST = "$(BUILT_PRODUCTS_DIR)/static_tableview.app/static_tableview";
			};
			name = Debug;
		};
		50BBE52B1C5DF7E4009896CF /* Release */ = {
			isa = XCBuildConfiguration;
			buildSettings = {
				BUNDLE_LOADER = "$(TEST_HOST)";
				INFOPLIST_FILE = static_tableviewTests/Info.plist;
				LD_RUNPATH_SEARCH_PATHS = "$(inherited) @executable_path/Frameworks @loader_path/Frameworks";
				PRODUCT_BUNDLE_IDENTIFIER = "org.ligulfzhou.static-tableviewTests";
				PRODUCT_NAME = "$(TARGET_NAME)";
				TEST_HOST = "$(BUILT_PRODUCTS_DIR)/static_tableview.app/static_tableview";
			};
			name = Release;
		};
		50BBE52D1C5DF7E4009896CF /* Debug */ = {
			isa = XCBuildConfiguration;
			buildSettings = {
				INFOPLIST_FILE = static_tableviewUITests/Info.plist;
				LD_RUNPATH_SEARCH_PATHS = "$(inherited) @executable_path/Frameworks @loader_path/Frameworks";
				PRODUCT_BUNDLE_IDENTIFIER = "org.ligulfzhou.static-tableviewUITests";
				PRODUCT_NAME = "$(TARGET_NAME)";
				TEST_TARGET_NAME = static_tableview;
				USES_XCTRUNNER = YES;
			};
			name = Debug;
		};
		50BBE52E1C5DF7E4009896CF /* Release */ = {
			isa = XCBuildConfiguration;
			buildSettings = {
				INFOPLIST_FILE = static_tableviewUITests/Info.plist;
				LD_RUNPATH_SEARCH_PATHS = "$(inherited) @executable_path/Frameworks @loader_path/Frameworks";
				PRODUCT_BUNDLE_IDENTIFIER = "org.ligulfzhou.static-tableviewUITests";
				PRODUCT_NAME = "$(TARGET_NAME)";
				TEST_TARGET_NAME = static_tableview;
				USES_XCTRUNNER = YES;
			};
			name = Release;
		};
/* End XCBuildConfiguration section */

/* Begin XCConfigurationList section */
		50BBE4F41C5DF7E4009896CF /* Build configuration list for PBXProject "static_tableview" */ = {
			isa = XCConfigurationList;
			buildConfigurations = (
				50BBE5241C5DF7E4009896CF /* Debug */,
				50BBE5251C5DF7E4009896CF /* Release */,
			);
			defaultConfigurationIsVisible = 0;
			defaultConfigurationName = Release;
		};
		50BBE5261C5DF7E4009896CF /* Build configuration list for PBXNativeTarget "static_tableview" */ = {
			isa = XCConfigurationList;
			buildConfigurations = (
				50BBE5271C5DF7E4009896CF /* Debug */,
				50BBE5281C5DF7E4009896CF /* Release */,
			);
			defaultConfigurationIsVisible = 0;
		};
		50BBE5291C5DF7E4009896CF /* Build configuration list for PBXNativeTarget "static_tableviewTests" */ = {
			isa = XCConfigurationList;
			buildConfigurations = (
				50BBE52A1C5DF7E4009896CF /* Debug */,
				50BBE52B1C5DF7E4009896CF /* Release */,
			);
			defaultConfigurationIsVisible = 0;
		};
		50BBE52C1C5DF7E4009896CF /* Build configuration list for PBXNativeTarget "static_tableviewUITests" */ = {
			isa = XCConfigurationList;
			buildConfigurations = (
				50BBE52D1C5DF7E4009896CF /* Debug */,
				50BBE52E1C5DF7E4009896CF /* Release */,
			);
			defaultConfigurationIsVisible = 0;
		};
/* End XCConfigurationList section */
	};
	rootObject = 50BBE4F11C5DF7E4009896CF /* Project object */;
}
