// !$*UTF8*$!
{
	archiveVersion = 1;
	classes = {
	};
	objectVersion = 46;
	objects = {

/* Begin PBXBuildFile section */
		50CA0D8F1C7163AC00D29033 /* AppDelegate.swift in Sources */ = {isa = PBXBuildFile; fileRef = 50CA0D8E1C7163AC00D29033 /* AppDelegate.swift */; };
		50CA0D911C7163AC00D29033 /* ViewController.swift in Sources */ = {isa = PBXBuildFile; fileRef = 50CA0D901C7163AC00D29033 /* ViewController.swift */; };
		50CA0D941C7163AC00D29033 /* Main.storyboard in Resources */ = {isa = PBXBuildFile; fileRef = 50CA0D921C7163AC00D29033 /* Main.storyboard */; };
		50CA0D971C7163AC00D29033 /* PopupModalWithTableView.xcdatamodeld in Sources */ = {isa = PBXBuildFile; fileRef = 50CA0D951C7163AC00D29033 /* PopupModalWithTableView.xcdatamodeld */; };
		50CA0D991C7163AC00D29033 /* Assets.xcassets in Resources */ = {isa = PBXBuildFile; fileRef = 50CA0D981C7163AC00D29033 /* Assets.xcassets */; };
		50CA0D9C1C7163AC00D29033 /* LaunchScreen.storyboard in Resources */ = {isa = PBXBuildFile; fileRef = 50CA0D9A1C7163AC00D29033 /* LaunchScreen.storyboard */; };
		50CA0DA71C716A1500D29033 /* PopupViewController.swift in Sources */ = {isa = PBXBuildFile; fileRef = 50CA0DA61C716A1500D29033 /* PopupViewController.swift */; };
/* End PBXBuildFile section */

/* Begin PBXFileReference section */
		50CA0D8B1C7163AC00D29033 /* PopupModalWithTableView.app */ = {isa = PBXFileReference; explicitFileType = wrapper.application; includeInIndex = 0; path = PopupModalWithTableView.app; sourceTree = BUILT_PRODUCTS_DIR; };
		50CA0D8E1C7163AC00D29033 /* AppDelegate.swift */ = {isa = PBXFileReference; lastKnownFileType = sourcecode.swift; path = AppDelegate.swift; sourceTree = "<group>"; };
		50CA0D901C7163AC00D29033 /* ViewController.swift */ = {isa = PBXFileReference; lastKnownFileType = sourcecode.swift; path = ViewController.swift; sourceTree = "<group>"; };
		50CA0D931C7163AC00D29033 /* Base */ = {isa = PBXFileReference; lastKnownFileType = file.storyboard; name = Base; path = Base.lproj/Main.storyboard; sourceTree = "<group>"; };
		50CA0D961C7163AC00D29033 /* PopupModalWithTableView.xcdatamodel */ = {isa = PBXFileReference; lastKnownFileType = wrapper.xcdatamodel; path = PopupModalWithTableView.xcdatamodel; sourceTree = "<group>"; };
		50CA0D981C7163AC00D29033 /* Assets.xcassets */ = {isa = PBXFileReference; lastKnownFileType = folder.assetcatalog; path = Assets.xcassets; sourceTree = "<group>"; };
		50CA0D9B1C7163AC00D29033 /* Base */ = {isa = PBXFileReference; lastKnownFileType = file.storyboard; name = Base; path = Base.lproj/LaunchScreen.storyboard; sourceTree = "<group>"; };
		50CA0D9D1C7163AC00D29033 /* Info.plist */ = {isa = PBXFileReference; lastKnownFileType = text.plist.xml; path = Info.plist; sourceTree = "<group>"; };
		50CA0DA61C716A1500D29033 /* PopupViewController.swift */ = {isa = PBXFileReference; fileEncoding = 4; lastKnownFileType = sourcecode.swift; path = PopupViewController.swift; sourceTree = "<group>"; };
/* End PBXFileReference section */

/* Begin PBXFrameworksBuildPhase section */
		50CA0D881C7163AC00D29033 /* Frameworks */ = {
			isa = PBXFrameworksBuildPhase;
			buildActionMask = 2147483647;
			files = (
			);
			runOnlyForDeploymentPostprocessing = 0;
		};
/* End PBXFrameworksBuildPhase section */

/* Begin PBXGroup section */
		50CA0D821C7163AC00D29033 = {
			isa = PBXGroup;
			children = (
				50CA0D8D1C7163AC00D29033 /* PopupModalWithTableView */,
				50CA0D8C1C7163AC00D29033 /* Products */,
			);
			sourceTree = "<group>";
		};
		50CA0D8C1C7163AC00D29033 /* Products */ = {
			isa = PBXGroup;
			children = (
				50CA0D8B1C7163AC00D29033 /* PopupModalWithTableView.app */,
			);
			name = Products;
			sourceTree = "<group>";
		};
		50CA0D8D1C7163AC00D29033 /* PopupModalWithTableView */ = {
			isa = PBXGroup;
			children = (
				50CA0D8E1C7163AC00D29033 /* AppDelegate.swift */,
				50CA0D901C7163AC00D29033 /* ViewController.swift */,
				50CA0D921C7163AC00D29033 /* Main.storyboard */,
				50CA0D981C7163AC00D29033 /* Assets.xcassets */,
				50CA0D9A1C7163AC00D29033 /* LaunchScreen.storyboard */,
				50CA0D9D1C7163AC00D29033 /* Info.plist */,
				50CA0D951C7163AC00D29033 /* PopupModalWithTableView.xcdatamodeld */,
				50CA0DA61C716A1500D29033 /* PopupViewController.swift */,
			);
			path = PopupModalWithTableView;
			sourceTree = "<group>";
		};
/* End PBXGroup section */

/* Begin PBXNativeTarget section */
		50CA0D8A1C7163AC00D29033 /* PopupModalWithTableView */ = {
			isa = PBXNativeTarget;
			buildConfigurationList = 50CA0DA01C7163AC00D29033 /* Build configuration list for PBXNativeTarget "PopupModalWithTableView" */;
			buildPhases = (
				50CA0D871C7163AC00D29033 /* Sources */,
				50CA0D881C7163AC00D29033 /* Frameworks */,
				50CA0D891C7163AC00D29033 /* Resources */,
			);
			buildRules = (
			);
			dependencies = (
			);
			name = PopupModalWithTableView;
			productName = PopupModalWithTableView;
			productReference = 50CA0D8B1C7163AC00D29033 /* PopupModalWithTableView.app */;
			productType = "com.apple.product-type.application";
		};
/* End PBXNativeTarget section */

/* Begin PBXProject section */
		50CA0D831C7163AC00D29033 /* Project object */ = {
			isa = PBXProject;
			attributes = {
				LastSwiftUpdateCheck = 0720;
				LastUpgradeCheck = 0720;
				ORGANIZATIONNAME = ligulfzhou;
				TargetAttributes = {
					50CA0D8A1C7163AC00D29033 = {
						CreatedOnToolsVersion = 7.2.1;
						DevelopmentTeam = 8K6DBKZ332;
					};
				};
			};
			buildConfigurationList = 50CA0D861C7163AC00D29033 /* Build configuration list for PBXProject "PopupModalWithTableView" */;
			compatibilityVersion = "Xcode 3.2";
			developmentRegion = English;
			hasScannedForEncodings = 0;
			knownRegions = (
				en,
				Base,
			);
			mainGroup = 50CA0D821C7163AC00D29033;
			productRefGroup = 50CA0D8C1C7163AC00D29033 /* Products */;
			projectDirPath = "";
			projectRoot = "";
			targets = (
				50CA0D8A1C7163AC00D29033 /* PopupModalWithTableView */,
			);
		};
/* End PBXProject section */

/* Begin PBXResourcesBuildPhase section */
		50CA0D891C7163AC00D29033 /* Resources */ = {
			isa = PBXResourcesBuildPhase;
			buildActionMask = 2147483647;
			files = (
				50CA0D9C1C7163AC00D29033 /* LaunchScreen.storyboard in Resources */,
				50CA0D991C7163AC00D29033 /* Assets.xcassets in Resources */,
				50CA0D941C7163AC00D29033 /* Main.storyboard in Resources */,
			);
			runOnlyForDeploymentPostprocessing = 0;
		};
/* End PBXResourcesBuildPhase section */

/* Begin PBXSourcesBuildPhase section */
		50CA0D871C7163AC00D29033 /* Sources */ = {
			isa = PBXSourcesBuildPhase;
			buildActionMask = 2147483647;
			files = (
				50CA0D911C7163AC00D29033 /* ViewController.swift in Sources */,
				50CA0D8F1C7163AC00D29033 /* AppDelegate.swift in Sources */,
				50CA0D971C7163AC00D29033 /* PopupModalWithTableView.xcdatamodeld in Sources */,
				50CA0DA71C716A1500D29033 /* PopupViewController.swift in Sources */,
			);
			runOnlyForDeploymentPostprocessing = 0;
		};
/* End PBXSourcesBuildPhase section */

/* Begin PBXVariantGroup section */
		50CA0D921C7163AC00D29033 /* Main.storyboard */ = {
			isa = PBXVariantGroup;
			children = (
				50CA0D931C7163AC00D29033 /* Base */,
			);
			name = Main.storyboard;
			sourceTree = "<group>";
		};
		50CA0D9A1C7163AC00D29033 /* LaunchScreen.storyboard */ = {
			isa = PBXVariantGroup;
			children = (
				50CA0D9B1C7163AC00D29033 /* Base */,
			);
			name = LaunchScreen.storyboard;
			sourceTree = "<group>";
		};
/* End PBXVariantGroup section */

/* Begin XCBuildConfiguration section */
		50CA0D9E1C7163AC00D29033 /* Debug */ = {
			isa = XCBuildConfiguration;
			buildSettings = {
				ALWAYS_SEARCH_USER_PATHS = NO;
				CLANG_CXX_LANGUAGE_STANDARD = "gnu++0x";
				CLANG_CXX_LIBRARY = "libc++";
				CLANG_ENABLE_MODULES = YES;
				CLANG_ENABLE_OBJC_ARC = YES;
				CLANG_WARN_BOOL_CONVERSION = YES;
				CLANG_WARN_CONSTANT_CONVERSION = YES;
				CLANG_WARN_DIRECT_OBJC_ISA_USAGE = YES_ERROR;
				CLANG_WARN_EMPTY_BODY = YES;
				CLANG_WARN_ENUM_CONVERSION = YES;
				CLANG_WARN_INT_CONVERSION = YES;
				CLANG_WARN_OBJC_ROOT_CLASS = YES_ERROR;
				CLANG_WARN_UNREACHABLE_CODE = YES;
				CLANG_WARN__DUPLICATE_METHOD_MATCH = YES;
				"CODE_SIGN_IDENTITY[sdk=iphoneos*]" = "iPhone Developer";
				COPY_PHASE_STRIP = NO;
				DEBUG_INFORMATION_FORMAT = dwarf;
				ENABLE_STRICT_OBJC_MSGSEND = YES;
				ENABLE_TESTABILITY = YES;
				GCC_C_LANGUAGE_STANDARD = gnu99;
				GCC_DYNAMIC_NO_PIC = NO;
				GCC_NO_COMMON_BLOCKS = YES;
				GCC_OPTIMIZATION_LEVEL = 0;
				GCC_PREPROCESSOR_DEFINITIONS = (
					"DEBUG=1",
					"$(inherited)",
				);
				GCC_WARN_64_TO_32_BIT_CONVERSION = YES;
				GCC_WARN_ABOUT_RETURN_TYPE = YES_ERROR;
				GCC_WARN_UNDECLARED_SELECTOR = YES;
				GCC_WARN_UNINITIALIZED_AUTOS = YES_AGGRESSIVE;
				GCC_WARN_UNUSED_FUNCTION = YES;
				GCC_WARN_UNUSED_VARIABLE = YES;
				IPHONEOS_DEPLOYMENT_TARGET = 9.2;
				MTL_ENABLE_DEBUG_INFO = YES;
				ONLY_ACTIVE_ARCH = YES;
				SDKROOT = iphoneos;
				SWIFT_OPTIMIZATION_LEVEL = "-Onone";
			};
			name = Debug;
		};
		50CA0D9F1C7163AC00D29033 /* Release */ = {
			isa = XCBuildConfiguration;
			buildSettings = {
				ALWAYS_SEARCH_USER_PATHS = NO;
				CLANG_CXX_LANGUAGE_STANDARD = "gnu++0x";
				CLANG_CXX_LIBRARY = "libc++";
				CLANG_ENABLE_MODULES = YES;
				CLANG_ENABLE_OBJC_ARC = YES;
				CLANG_WARN_BOOL_CONVERSION = YES;
				CLANG_WARN_CONSTANT_CONVERSION = YES;
				CLANG_WARN_DIRECT_OBJC_ISA_USAGE = YES_ERROR;
				CLANG_WARN_EMPTY_BODY = YES;
				CLANG_WARN_ENUM_CONVERSION = YES;
				CLANG_WARN_INT_CONVERSION = YES;
				CLANG_WARN_OBJC_ROOT_CLASS = YES_ERROR;
				CLANG_WARN_UNREACHABLE_CODE = YES;
				CLANG_WARN__DUPLICATE_METHOD_MATCH = YES;
				"CODE_SIGN_IDENTITY[sdk=iphoneos*]" = "iPhone Developer";
				COPY_PHASE_STRIP = NO;
				DEBUG_INFORMATION_FORMAT = "dwarf-with-dsym";
				ENABLE_NS_ASSERTIONS = NO;
				ENABLE_STRICT_OBJC_MSGSEND = YES;
				GCC_C_LANGUAGE_STANDARD = gnu99;
				GCC_NO_COMMON_BLOCKS = YES;
				GCC_WARN_64_TO_32_BIT_CONVERSION = YES;
				GCC_WARN_ABOUT_RETURN_TYPE = YES_ERROR;
				GCC_WARN_UNDECLARED_SELECTOR = YES;
				GCC_WARN_UNINITIALIZED_AUTOS = YES_AGGRESSIVE;
				GCC_WARN_UNUSED_FUNCTION = YES;
				GCC_WARN_UNUSED_VARIABLE = YES;
				IPHONEOS_DEPLOYMENT_TARGET = 9.2;
				MTL_ENABLE_DEBUG_INFO = NO;
				SDKROOT = iphoneos;
				VALIDATE_PRODUCT = YES;
			};
			name = Release;
		};
		50CA0DA11C7163AC00D29033 /* Debug */ = {
			isa = XCBuildConfiguration;
			buildSettings = {
				ASSETCATALOG_COMPILER_APPICON_NAME = AppIcon;
				INFOPLIST_FILE = PopupModalWithTableView/Info.plist;
				LD_RUNPATH_SEARCH_PATHS = "$(inherited) @executable_path/Frameworks";
				PRODUCT_BUNDLE_IDENTIFIER = com.ligulfzhou.PopupModalWithTableView;
				PRODUCT_NAME = "$(TARGET_NAME)";
			};
			name = Debug;
		};
		50CA0DA21C7163AC00D29033 /* Release */ = {
			isa = XCBuildConfiguration;
			buildSettings = {
				ASSETCATALOG_COMPILER_APPICON_NAME = AppIcon;
				INFOPLIST_FILE = PopupModalWithTableView/Info.plist;
				LD_RUNPATH_SEARCH_PATHS = "$(inherited) @executable_path/Frameworks";
				PRODUCT_BUNDLE_IDENTIFIER = com.ligulfzhou.PopupModalWithTableView;
				PRODUCT_NAME = "$(TARGET_NAME)";
			};
			name = Release;
		};
/* End XCBuildConfiguration section */

/* Begin XCConfigurationList section */
		50CA0D861C7163AC00D29033 /* Build configuration list for PBXProject "PopupModalWithTableView" */ = {
			isa = XCConfigurationList;
			buildConfigurations = (
				50CA0D9E1C7163AC00D29033 /* Debug */,
				50CA0D9F1C7163AC00D29033 /* Release */,
			);
			defaultConfigurationIsVisible = 0;
			defaultConfigurationName = Release;
		};
		50CA0DA01C7163AC00D29033 /* Build configuration list for PBXNativeTarget "PopupModalWithTableView" */ = {
			isa = XCConfigurationList;
			buildConfigurations = (
				50CA0DA11C7163AC00D29033 /* Debug */,
				50CA0DA21C7163AC00D29033 /* Release */,
			);
			defaultConfigurationIsVisible = 0;
			defaultConfigurationName = Release;
		};
/* End XCConfigurationList section */

/* Begin XCVersionGroup section */
		50CA0D951C7163AC00D29033 /* PopupModalWithTableView.xcdatamodeld */ = {
			isa = XCVersionGroup;
			children = (
				50CA0D961C7163AC00D29033 /* PopupModalWithTableView.xcdatamodel */,
			);
			currentVersion = 50CA0D961C7163AC00D29033 /* PopupModalWithTableView.xcdatamodel */;
			path = PopupModalWithTableView.xcdatamodeld;
			sourceTree = "<group>";
			versionGroupType = wrapper.xcdatamodel;
		};
/* End XCVersionGroup section */
	};
	rootObject = 50CA0D831C7163AC00D29033 /* Project object */;
}
